{
  "name": "gl-ng-modals-frontend",
  "version": "4.0.4",
  "lockfileVersion": 1,
  "requires": true,
  "dependencies": {
    "d": {
      "version": "1.0.1",
      "resolved": "https://registry.npmjs.org/d/-/d-1.0.1.tgz",
      "integrity": "sha512-m62ShEObQ39CfralilEQRjH6oAMtNCV1xJyEx5LpRYUVN+EviphDgUc/F3hnYbADmkiNs67Y+3ylmlG7Lnu+FA==",
      "requires": {
        "es5-ext": "^0.10.50",
        "type": "^1.0.1"
      }
    },
    "decimal.js": {
      "version": "10.3.1",
      "resolved": "https://registry.npmjs.org/decimal.js/-/decimal.js-10.3.1.tgz",
      "integrity": "sha512-V0pfhfr8suzyPGOx3nmq4aHqabehUZn6Ch9kyFpV79TGDTWFmHqUqXdabR7QHqxzrYolF4+tVmJhUG4OURg5dQ=="
    },
    "es5-ext": {
      "version": "0.10.53",
      "resolved": "https://registry.npmjs.org/es5-ext/-/es5-ext-0.10.53.tgz",
      "integrity": "sha512-Xs2Stw6NiNHWypzRTY1MtaG/uJlwCk8kH81920ma8mvN8Xq1gsfhZvpkImLQArw8AHnv8MT2I45J3c0R8slE+Q==",
      "requires": {
        "es6-iterator": "~2.0.3",
        "es6-symbol": "~3.1.3",
        "next-tick": "~1.0.0"
      }
    },
    "es6-iterator": {
      "version": "2.0.3",
      "resolved": "https://registry.npmjs.org/es6-iterator/-/es6-iterator-2.0.3.tgz",
      "integrity": "sha1-p96IkUGgWpSwhUQDstCg+/qY87c=",
      "requires": {
        "d": "1",
        "es5-ext": "^0.10.35",
        "es6-symbol": "^3.1.1"
      }
    },
    "es6-symbol": {
      "version": "3.1.3",
      "resolved": "https://registry.npmjs.org/es6-symbol/-/es6-symbol-3.1.3.tgz",
      "integrity": "sha512-NJ6Yn3FuDinBaBRWl/q5X/s4koRHBrgKAu+yGI6JCBeiu3qrcbJhwT2GeR/EXVfylRk8dpQVJoLEFhK+Mu31NA==",
      "requires": {
        "d": "^1.0.1",
        "ext": "^1.1.2"
      }
    },
    "ext": {
      "version": "1.5.0",
      "resolved": "https://registry.npmjs.org/ext/-/ext-1.5.0.tgz",
      "integrity": "sha512-+ONcYoWj/SoQwUofMr94aGu05Ou4FepKi7N7b+O8T4jVfyIsZQV1/xeS8jpaBzF0csAk0KLXoHCxU7cKYZjo1Q==",
      "requires": {
        "type": "^2.5.0"
      },
      "dependencies": {
        "type": {
          "version": "2.5.0",
          "resolved": "https://registry.npmjs.org/type/-/type-2.5.0.tgz",
          "integrity": "sha512-180WMDQaIMm3+7hGXWf12GtdniDEy7nYcyFMKJn/eZz/6tSLXrUN9V0wKSbMjej0I1WHWbpREDEKHtqPQa9NNw=="
        }
      }
    },
    "gl-scss-styles": {
      "version": "3.1.0",
      "resolved": "https://registry.npmjs.org/gl-scss-styles/-/gl-scss-styles-3.1.0.tgz",
      "integrity": "sha512-WNsKjYgMD7WZkrOxSH5siLwHMN55fwhXIiHQ8Yk8SadW8MUMe1EI2cr/YlozJYU7X4AsmEzyEBD8OJUpwLWqGg=="
    },
    "gl-w-attachment-frontend": {
      "version": "1.0.2",
      "resolved": "https://registry.npmjs.org/gl-w-attachment-frontend/-/gl-w-attachment-frontend-1.0.2.tgz",
      "integrity": "sha512-gFwIb84fhdU9epz0Y4MzA6+rNCQyUJqltwvP2eqf6xI5d0LZK7yHDjowp0A8xroh5F7XkP3NgIYWsE06AdAkiw=="
    },
    "gl-w-date-frontend": {
      "version": "1.0.1",
      "resolved": "https://registry.npmjs.org/gl-w-date-frontend/-/gl-w-date-frontend-1.0.1.tgz",
      "integrity": "sha512-f9KrDD46WNZKW68PftWOODG/ekxuJVsPaSWXQ7x0zbN7q4X0wz27vht5dD8wWaA7blFwiDwlFqLw9RkuZIHr/A==",
      "requires": {
        "moment": "^2.29.1",
        "moment-range": "^4.0.2"
      }
    },
    "gl-w-image-frontend": {
      "version": "1.0.0",
      "resolved": "https://registry.npmjs.org/gl-w-image-frontend/-/gl-w-image-frontend-1.0.0.tgz",
      "integrity": "sha512-AR2Wh+3+ZRMLE+XRhhGvbuSnPuLE/wcjftxdQZD24/36HA++RkUyFoPv3KeVH1oOmQRKR6vdZ7q12X0DDHKm/w=="
    },
    "gl-w-input-frontend": {
      "version": "1.0.3",
      "resolved": "https://registry.npmjs.org/gl-w-input-frontend/-/gl-w-input-frontend-1.0.3.tgz",
      "integrity": "sha512-sUwse4ksemtZhypvfdvnUqpUUbYNrmhVWSoPBuN3YuD0R2V+HjN5hYi/wsRYbAKpG6Y16iqmK0Jtno511tpyqg==",
      "requires": {
        "decimal.js": "^10.3.1",
        "inputmask": "^5.0.6"
      }
    },
    "gl-w-number-frontend": {
      "version": "1.0.1",
      "resolved": "https://registry.npmjs.org/gl-w-number-frontend/-/gl-w-number-frontend-1.0.1.tgz",
      "integrity": "sha512-Gggn3Ooe3SvNYSw+mKvqnS8wTU7Ekc5wjc9rMVJ634TeieIEJ70/eQ6DD50YXvfvIymsbJfhm8dylAJS1ABvmQ==",
      "requires": {
        "decimal.js": "^10.3.1"
      }
    },
    "inputmask": {
      "version": "5.0.6",
      "resolved": "https://registry.npmjs.org/inputmask/-/inputmask-5.0.6.tgz",
      "integrity": "sha512-/QjZuOEB7fJKMEu3xKL3LlycctMmK53Zr/fGSFtcjrfYxXks93iptutYowWNR1oUsHr2QIzy6V3MMYz07P2Cfw=="
    },
    "moment": {
      "version": "2.29.1",
      "resolved": "https://registry.npmjs.org/moment/-/moment-2.29.1.tgz",
      "integrity": "sha512-kHmoybcPV8Sqy59DwNDY3Jefr64lK/by/da0ViFcuA4DH0vQg5Q6Ze5VimxkfQNSC+Mls/Kx53s7TjP1RhFEDQ=="
    },
    "moment-range": {
      "version": "4.0.2",
      "resolved": "https://registry.npmjs.org/moment-range/-/moment-range-4.0.2.tgz",
      "integrity": "sha512-n8sceWwSTjmz++nFHzeNEUsYtDqjgXgcOBzsHi+BoXQU2FW+eU92LUaK8gqOiSu5PG57Q9sYj1Fz4LRDj4FtKA==",
      "requires": {
        "es6-symbol": "^3.1.0"
      }
    },
    "next-tick": {
      "version": "1.0.0",
      "resolved": "https://registry.npmjs.org/next-tick/-/next-tick-1.0.0.tgz",
      "integrity": "sha1-yobR/ogoFpsBICCOPchCS524NCw="
    },
    "type": {
      "version": "1.2.0",
      "resolved": "https://registry.npmjs.org/type/-/type-1.2.0.tgz",
      "integrity": "sha512-+5nt5AAniqsCnu2cEQQdpzCAh33kVx8n0VoFidKpB1dVVLAN/F+bgVOqOJqOnEnrhp222clB5p3vUlD+1QAnfg=="
    }
  }
}
