{
  "name": "gl-ng-outputs-frontend",
  "version": "6.0.0",
  "lockfileVersion": 2,
  "requires": true,
  "packages": {
    "": {
      "name": "gl-ng-outputs-frontend",
      "version": "6.0.0",
      "license": "MIT",
      "devDependencies": {
        "@angular/animations": "^16.2.12",
        "@angular/common": "~16.2.12",
        "@angular/core": "~16.2.12",
        "@angular/forms": "^16.2.12",
        "@angular/platform-browser-dynamic": "^16.2.12",
        "@videogular/ngx-videogular": "^8.0.0",
        "gl-scss-styles": "^3.1.1"
      },
      "peerDependencies": {
        "@angular/animations": "^16.2.12",
        "@angular/common": "~16.2.12",
        "@angular/core": "~16.2.12",
        "@angular/forms": "^16.2.12",
        "@angular/platform-browser-dynamic": "^16.2.12",
        "@videogular/ngx-videogular": "^8.0.0",
        "gl-scss-styles": "^3.1.1"
      }
    },
    "node_modules/@angular/animations": {
      "version": "16.2.12",
      "resolved": "https://registry.npmjs.org/@angular/animations/-/animations-16.2.12.tgz",
      "integrity": "sha512-MD0ElviEfAJY8qMOd6/jjSSvtqER2RDAi0lxe6EtUacC1DHCYkaPrKW4vLqY+tmZBg1yf+6n+uS77pXcHHcA3w==",
      "dev": true,
      "dependencies": {
        "tslib": "^2.3.0"
      },
      "engines": {
        "node": "^16.14.0 || >=18.10.0"
      },
      "peerDependencies": {
        "@angular/core": "16.2.12"
      }
    },
    "node_modules/@angular/common": {
      "version": "16.2.12",
      "resolved": "https://registry.npmjs.org/@angular/common/-/common-16.2.12.tgz",
      "integrity": "sha512-B+WY/cT2VgEaz9HfJitBmgdk4I333XG/ybC98CMC4Wz8E49T8yzivmmxXB3OD6qvjcOB6ftuicl6WBqLbZNg2w==",
      "dev": true,
      "dependencies": {
        "tslib": "^2.3.0"
      },
      "engines": {
        "node": "^16.14.0 || >=18.10.0"
      },
      "peerDependencies": {
        "@angular/core": "16.2.12",
        "rxjs": "^6.5.3 || ^7.4.0"
      }
    },
    "node_modules/@angular/core": {
      "version": "16.2.12",
      "resolved": "https://registry.npmjs.org/@angular/core/-/core-16.2.12.tgz",
      "integrity": "sha512-GLLlDeke/NjroaLYOks0uyzFVo6HyLl7VOm0K1QpLXnYvW63W9Ql/T3yguRZa7tRkOAeFZ3jw+1wnBD4O8MoUA==",
      "dev": true,
      "dependencies": {
        "tslib": "^2.3.0"
      },
      "engines": {
        "node": "^16.14.0 || >=18.10.0"
      },
      "peerDependencies": {
        "rxjs": "^6.5.3 || ^7.4.0",
        "zone.js": "~0.13.0"
      }
    },
    "node_modules/@angular/forms": {
      "version": "16.2.12",
      "resolved": "https://registry.npmjs.org/@angular/forms/-/forms-16.2.12.tgz",
      "integrity": "sha512-1Eao89hlBgLR3v8tU91vccn21BBKL06WWxl7zLpQmG6Hun+2jrThgOE4Pf3os4fkkbH4Apj0tWL2fNIWe/blbw==",
      "dev": true,
      "dependencies": {
        "tslib": "^2.3.0"
      },
      "engines": {
        "node": "^16.14.0 || >=18.10.0"
      },
      "peerDependencies": {
        "@angular/common": "16.2.12",
        "@angular/core": "16.2.12",
        "@angular/platform-browser": "16.2.12",
        "rxjs": "^6.5.3 || ^7.4.0"
      }
    },
    "node_modules/@angular/platform-browser-dynamic": {
      "version": "16.2.12",
      "resolved": "https://registry.npmjs.org/@angular/platform-browser-dynamic/-/platform-browser-dynamic-16.2.12.tgz",
      "integrity": "sha512-ya54jerNgreCVAR278wZavwjrUWImMr2F8yM5n9HBvsMBbFaAQ83anwbOEiHEF2BlR+gJiEBLfpuPRMw20pHqw==",
      "dev": true,
      "dependencies": {
        "tslib": "^2.3.0"
      },
      "engines": {
        "node": "^16.14.0 || >=18.10.0"
      },
      "peerDependencies": {
        "@angular/common": "16.2.12",
        "@angular/compiler": "16.2.12",
        "@angular/core": "16.2.12",
        "@angular/platform-browser": "16.2.12"
      }
    },
    "node_modules/@videogular/ngx-videogular": {
      "version": "8.0.0",
      "resolved": "https://registry.npmjs.org/@videogular/ngx-videogular/-/ngx-videogular-8.0.0.tgz",
      "integrity": "sha512-yezpRzDzbKhXsfQE2iJuDsix6IJTV7dQcThq1NBsXBbjRss8DzpM9txDk59Q94nH+i1i1OkwnOOzK32bk2VLZw==",
      "dev": true,
      "dependencies": {
        "tslib": "^1.11.1 || ^2.0.0"
      },
      "peerDependencies": {
        "@angular/common": ">=8.0.0",
        "@angular/core": ">=8.0.0",
        "@angular/platform-browser-dynamic": ">=8.0.0",
        "core-js": ">=2.5.4",
        "rxjs": ">=6.5.4",
        "zone.js": ">=0.10.2"
      }
    },
    "node_modules/gl-scss-styles": {
      "version": "3.1.1",
      "resolved": "https://registry.npmjs.org/gl-scss-styles/-/gl-scss-styles-3.1.1.tgz",
      "integrity": "sha512-4lGUkqCwOnbMMfVNDhvw89up99WhXsHpBbK+RdGpFKkNEPhggnfQLn+u7ql2+DnOGWdkeCA6jnuOCMssNEpAPw==",
      "dev": true
    },
    "node_modules/tslib": {
      "version": "2.4.1",
      "resolved": "https://registry.npmjs.org/tslib/-/tslib-2.4.1.tgz",
      "integrity": "sha512-tGyy4dAjRIEwI7BzsB0lynWgOpfqjUdq91XXAlIWD2OwKBH7oCl/GZG/HT4BOHrTlPMOASlMQ7veyTqpmRcrNA==",
      "dev": true
    }
  },
  "dependencies": {
    "@angular/animations": {
      "version": "16.2.12",
      "resolved": "https://registry.npmjs.org/@angular/animations/-/animations-16.2.12.tgz",
      "integrity": "sha512-MD0ElviEfAJY8qMOd6/jjSSvtqER2RDAi0lxe6EtUacC1DHCYkaPrKW4vLqY+tmZBg1yf+6n+uS77pXcHHcA3w==",
      "dev": true,
      "requires": {
        "tslib": "^2.3.0"
      }
    },
    "@angular/common": {
      "version": "16.2.12",
      "resolved": "https://registry.npmjs.org/@angular/common/-/common-16.2.12.tgz",
      "integrity": "sha512-B+WY/cT2VgEaz9HfJitBmgdk4I333XG/ybC98CMC4Wz8E49T8yzivmmxXB3OD6qvjcOB6ftuicl6WBqLbZNg2w==",
      "dev": true,
      "requires": {
        "tslib": "^2.3.0"
      }
    },
    "@angular/core": {
      "version": "16.2.12",
      "resolved": "https://registry.npmjs.org/@angular/core/-/core-16.2.12.tgz",
      "integrity": "sha512-GLLlDeke/NjroaLYOks0uyzFVo6HyLl7VOm0K1QpLXnYvW63W9Ql/T3yguRZa7tRkOAeFZ3jw+1wnBD4O8MoUA==",
      "dev": true,
      "requires": {
        "tslib": "^2.3.0"
      }
    },
    "@angular/forms": {
      "version": "16.2.12",
      "resolved": "https://registry.npmjs.org/@angular/forms/-/forms-16.2.12.tgz",
      "integrity": "sha512-1Eao89hlBgLR3v8tU91vccn21BBKL06WWxl7zLpQmG6Hun+2jrThgOE4Pf3os4fkkbH4Apj0tWL2fNIWe/blbw==",
      "dev": true,
      "requires": {
        "tslib": "^2.3.0"
      }
    },
    "@angular/platform-browser-dynamic": {
      "version": "16.2.12",
      "resolved": "https://registry.npmjs.org/@angular/platform-browser-dynamic/-/platform-browser-dynamic-16.2.12.tgz",
      "integrity": "sha512-ya54jerNgreCVAR278wZavwjrUWImMr2F8yM5n9HBvsMBbFaAQ83anwbOEiHEF2BlR+gJiEBLfpuPRMw20pHqw==",
      "dev": true,
      "requires": {
        "tslib": "^2.3.0"
      }
    },
    "@videogular/ngx-videogular": {
      "version": "8.0.0",
      "resolved": "https://registry.npmjs.org/@videogular/ngx-videogular/-/ngx-videogular-8.0.0.tgz",
      "integrity": "sha512-yezpRzDzbKhXsfQE2iJuDsix6IJTV7dQcThq1NBsXBbjRss8DzpM9txDk59Q94nH+i1i1OkwnOOzK32bk2VLZw==",
      "dev": true,
      "requires": {
        "tslib": "^1.11.1 || ^2.0.0"
      }
    },
    "gl-scss-styles": {
      "version": "3.1.1",
      "resolved": "https://registry.npmjs.org/gl-scss-styles/-/gl-scss-styles-3.1.1.tgz",
      "integrity": "sha512-4lGUkqCwOnbMMfVNDhvw89up99WhXsHpBbK+RdGpFKkNEPhggnfQLn+u7ql2+DnOGWdkeCA6jnuOCMssNEpAPw==",
      "dev": true
    },
    "tslib": {
      "version": "2.4.1",
      "resolved": "https://registry.npmjs.org/tslib/-/tslib-2.4.1.tgz",
      "integrity": "sha512-tGyy4dAjRIEwI7BzsB0lynWgOpfqjUdq91XXAlIWD2OwKBH7oCl/GZG/HT4BOHrTlPMOASlMQ7veyTqpmRcrNA==",
      "dev": true
    }
  }
}
