{
  "name": "gl-ng-outputs-frontend",
  "version": "7.0.2",
  "lockfileVersion": 3,
  "requires": true,
  "packages": {
    "": {
      "name": "gl-ng-outputs-frontend",
      "version": "7.0.2",
      "license": "MIT",
      "dependencies": {
        "@angular/animations": "^17.3.7",
        "@angular/forms": "^17.3.7",
        "@angular/platform-browser-dynamic": "^17.3.7",
        "@videogular/ngx-videogular": "^8.0.0",
        "gl-scss-styles": "^3.1.1"
      },
      "devDependencies": {
        "@angular/common": "~17.3.7",
        "@angular/core": "~17.3.7"
      },
      "peerDependencies": {
        "@angular/animations": "^17.3.7",
        "@angular/common": "~17.3.7",
        "@angular/core": "~17.3.7",
        "@angular/forms": "^17.3.7",
        "@angular/platform-browser-dynamic": "^17.3.7",
        "@videogular/ngx-videogular": "^8.0.0",
        "gl-scss-styles": "^3.1.1"
      }
    },
    "node_modules/@angular/animations": {
      "version": "17.3.7",
      "resolved": "https://registry.npmjs.org/@angular/animations/-/animations-17.3.7.tgz",
      "integrity": "sha512-ahenGALPPweeHgqtl9BMkGIAV4fUNI5kOWUrLNbKBfwIJN+aOBOYV1Jz6NKUQq6eYn/1ZYtm0f3lIkHIdtLKEw==",
      "dependencies": {
        "tslib": "^2.3.0"
      },
      "engines": {
        "node": "^18.13.0 || >=20.9.0"
      },
      "peerDependencies": {
        "@angular/core": "17.3.7"
      }
    },
    "node_modules/@angular/common": {
      "version": "17.3.7",
      "resolved": "https://registry.npmjs.org/@angular/common/-/common-17.3.7.tgz",
      "integrity": "sha512-A7LRJu1vVCGGgrfZXjU+njz50SiU4weheKCar5PIUprcdIofS1IrHAJDqYh+kwXxkjXbZMOr/ijQY0+AESLEsw==",
      "dependencies": {
        "tslib": "^2.3.0"
      },
      "engines": {
        "node": "^18.13.0 || >=20.9.0"
      },
      "peerDependencies": {
        "@angular/core": "17.3.7",
        "rxjs": "^6.5.3 || ^7.4.0"
      }
    },
    "node_modules/@angular/compiler": {
      "version": "17.3.7",
      "resolved": "https://registry.npmjs.org/@angular/compiler/-/compiler-17.3.7.tgz",
      "integrity": "sha512-AlKiqPoxnrpQ0hn13fIaQPSVodaVAIjBW4vpFyuKFqs2LBKg6iolwZ21s8rEI0KR2gXl+8ugj0/UZ6YADiVM5w==",
      "peer": true,
      "dependencies": {
        "tslib": "^2.3.0"
      },
      "engines": {
        "node": "^18.13.0 || >=20.9.0"
      },
      "peerDependencies": {
        "@angular/core": "17.3.7"
      },
      "peerDependenciesMeta": {
        "@angular/core": {
          "optional": true
        }
      }
    },
    "node_modules/@angular/core": {
      "version": "17.3.7",
      "resolved": "https://registry.npmjs.org/@angular/core/-/core-17.3.7.tgz",
      "integrity": "sha512-HWcrbxqnvIMSxFuQdN0KPt08bc87hqr0LKm89yuRTUwx/2sNJlNQUobk6aJj4trswGBttcRDT+GOS4DQP2Nr4g==",
      "dependencies": {
        "tslib": "^2.3.0"
      },
      "engines": {
        "node": "^18.13.0 || >=20.9.0"
      },
      "peerDependencies": {
        "rxjs": "^6.5.3 || ^7.4.0",
        "zone.js": "~0.14.0"
      }
    },
    "node_modules/@angular/forms": {
      "version": "17.3.7",
      "resolved": "https://registry.npmjs.org/@angular/forms/-/forms-17.3.7.tgz",
      "integrity": "sha512-FEhXh/VmT++XCoO8i7bBtzxG7Am/cE1zrr9aF+fWW+4jpWvJvVN1IaSiJxgBB+iPsOJ9lTBRwfRW3onlcDkhrw==",
      "dependencies": {
        "tslib": "^2.3.0"
      },
      "engines": {
        "node": "^18.13.0 || >=20.9.0"
      },
      "peerDependencies": {
        "@angular/common": "17.3.7",
        "@angular/core": "17.3.7",
        "@angular/platform-browser": "17.3.7",
        "rxjs": "^6.5.3 || ^7.4.0"
      }
    },
    "node_modules/@angular/platform-browser": {
      "version": "17.3.7",
      "resolved": "https://registry.npmjs.org/@angular/platform-browser/-/platform-browser-17.3.7.tgz",
      "integrity": "sha512-Nn8ZMaftAvO9dEwribWdNv+QBHhYIBrRkv85G6et80AXfXoYAr/xcfnQECRFtZgPmANqHC5auv/xrmExQG+Yeg==",
      "peer": true,
      "dependencies": {
        "tslib": "^2.3.0"
      },
      "engines": {
        "node": "^18.13.0 || >=20.9.0"
      },
      "peerDependencies": {
        "@angular/animations": "17.3.7",
        "@angular/common": "17.3.7",
        "@angular/core": "17.3.7"
      },
      "peerDependenciesMeta": {
        "@angular/animations": {
          "optional": true
        }
      }
    },
    "node_modules/@angular/platform-browser-dynamic": {
      "version": "17.3.7",
      "resolved": "https://registry.npmjs.org/@angular/platform-browser-dynamic/-/platform-browser-dynamic-17.3.7.tgz",
      "integrity": "sha512-9c2I4u0L1p2v1/lW8qy+WaNHisUWbyy6wqsv2v9FfCaSM49Lxymgo9LPFPC4qEG5ei5nE+eIQ2ocRiXXsf5QkQ==",
      "dependencies": {
        "tslib": "^2.3.0"
      },
      "engines": {
        "node": "^18.13.0 || >=20.9.0"
      },
      "peerDependencies": {
        "@angular/common": "17.3.7",
        "@angular/compiler": "17.3.7",
        "@angular/core": "17.3.7",
        "@angular/platform-browser": "17.3.7"
      }
    },
    "node_modules/@videogular/ngx-videogular": {
      "version": "8.0.0",
      "resolved": "https://registry.npmjs.org/@videogular/ngx-videogular/-/ngx-videogular-8.0.0.tgz",
      "integrity": "sha512-yezpRzDzbKhXsfQE2iJuDsix6IJTV7dQcThq1NBsXBbjRss8DzpM9txDk59Q94nH+i1i1OkwnOOzK32bk2VLZw==",
      "dependencies": {
        "tslib": "^1.11.1 || ^2.0.0"
      },
      "peerDependencies": {
        "@angular/common": ">=8.0.0",
        "@angular/core": ">=8.0.0",
        "@angular/platform-browser-dynamic": ">=8.0.0",
        "core-js": ">=2.5.4",
        "rxjs": ">=6.5.4",
        "zone.js": ">=0.10.2"
      }
    },
    "node_modules/core-js": {
      "version": "3.37.0",
      "resolved": "https://registry.npmjs.org/core-js/-/core-js-3.37.0.tgz",
      "integrity": "sha512-fu5vHevQ8ZG4og+LXug8ulUtVxjOcEYvifJr7L5Bfq9GOztVqsKd9/59hUk2ZSbCrS3BqUr3EpaYGIYzq7g3Ug==",
      "hasInstallScript": true,
      "peer": true,
      "funding": {
        "type": "opencollective",
        "url": "https://opencollective.com/core-js"
      }
    },
    "node_modules/gl-scss-styles": {
      "version": "3.1.1",
      "resolved": "https://registry.npmjs.org/gl-scss-styles/-/gl-scss-styles-3.1.1.tgz",
      "integrity": "sha512-4lGUkqCwOnbMMfVNDhvw89up99WhXsHpBbK+RdGpFKkNEPhggnfQLn+u7ql2+DnOGWdkeCA6jnuOCMssNEpAPw=="
    },
    "node_modules/rxjs": {
      "version": "7.8.1",
      "resolved": "https://registry.npmjs.org/rxjs/-/rxjs-7.8.1.tgz",
      "integrity": "sha512-AA3TVj+0A2iuIoQkWEK/tqFjBq2j+6PO6Y0zJcvzLAFhEFIO3HL0vls9hWLncZbAAbK0mar7oZ4V079I/qPMxg==",
      "peer": true,
      "dependencies": {
        "tslib": "^2.1.0"
      }
    },
    "node_modules/tslib": {
      "version": "2.4.1",
      "resolved": "https://registry.npmjs.org/tslib/-/tslib-2.4.1.tgz",
      "integrity": "sha512-tGyy4dAjRIEwI7BzsB0lynWgOpfqjUdq91XXAlIWD2OwKBH7oCl/GZG/HT4BOHrTlPMOASlMQ7veyTqpmRcrNA=="
    },
    "node_modules/zone.js": {
      "version": "0.14.5",
      "resolved": "https://registry.npmjs.org/zone.js/-/zone.js-0.14.5.tgz",
      "integrity": "sha512-9XYWZzY6PhHOSdkYryNcMm7L8EK7a4q+GbTvxbIA2a9lMdRUpGuyaYvLDcg8D6bdn+JomSsbPcilVKg6SmUx6w==",
      "peer": true,
      "dependencies": {
        "tslib": "^2.3.0"
      }
    }
  }
}
