{
  "name": "gl-ng-navigation-frontend",
  "version": "4.0.0",
  "lockfileVersion": 1,
  "requires": true,
  "dependencies": {
    "gl-scss-styles": {
      "version": "3.0.1",
      "resolved": "https://registry.npmjs.org/gl-scss-styles/-/gl-scss-styles-3.0.1.tgz",
      "integrity": "sha512-SYHSFiWd2qTac8TEP2eHpIkyKYapN5LUA+2IUjUY8AcKRXq++VFQsHrHc96TbWQR2Jh7bUfu1P/PYIUXIq1u5A=="
    }
  }
}
