{
  "name": "gl-ng-attachments-frontend",
  "version": "9.0.0",
  "lockfileVersion": 3,
  "requires": true,
  "packages": {
    "": {
      "name": "gl-ng-attachments-frontend",
      "version": "9.0.0",
      "license": "MIT",
      "devDependencies": {
        "@angular/common": "~17.3.7",
        "@angular/core": "~17.3.7",
        "decimal.js": "^10.4.3",
        "gl-icons-assets": "^1.5.1",
        "gl-scss-styles": "^3.1.1",
        "gl-w-attachment-frontend": "^6.0.0",
        "gl-w-image-frontend": "^6.0.0",
        "gl-w-number-frontend": "^6.0.0"
      },
      "peerDependencies": {
        "@angular/common": "~17.3.7",
        "@angular/core": "~17.3.7",
        "decimal.js": "^10.4.3",
        "gl-icons-assets": "^1.5.1",
        "gl-scss-styles": "^3.1.1",
        "gl-w-attachment-frontend": "^6.0.0",
        "gl-w-image-frontend": "^6.0.0",
        "gl-w-number-frontend": "^6.0.0"
      }
    },
    "node_modules/@angular/common": {
      "version": "17.3.7",
      "resolved": "https://registry.npmjs.org/@angular/common/-/common-17.3.7.tgz",
      "integrity": "sha512-A7LRJu1vVCGGgrfZXjU+njz50SiU4weheKCar5PIUprcdIofS1IrHAJDqYh+kwXxkjXbZMOr/ijQY0+AESLEsw==",
      "dev": true,
      "dependencies": {
        "tslib": "^2.3.0"
      },
      "engines": {
        "node": "^18.13.0 || >=20.9.0"
      },
      "peerDependencies": {
        "@angular/core": "17.3.7",
        "rxjs": "^6.5.3 || ^7.4.0"
      }
    },
    "node_modules/@angular/core": {
      "version": "17.3.7",
      "resolved": "https://registry.npmjs.org/@angular/core/-/core-17.3.7.tgz",
      "integrity": "sha512-HWcrbxqnvIMSxFuQdN0KPt08bc87hqr0LKm89yuRTUwx/2sNJlNQUobk6aJj4trswGBttcRDT+GOS4DQP2Nr4g==",
      "dev": true,
      "dependencies": {
        "tslib": "^2.3.0"
      },
      "engines": {
        "node": "^18.13.0 || >=20.9.0"
      },
      "peerDependencies": {
        "rxjs": "^6.5.3 || ^7.4.0",
        "zone.js": "~0.14.0"
      }
    },
    "node_modules/decimal.js": {
      "version": "10.4.3",
      "resolved": "https://registry.npmjs.org/decimal.js/-/decimal.js-10.4.3.tgz",
      "integrity": "sha512-VBBaLc1MgL5XpzgIP7ny5Z6Nx3UrRkIViUkPUdtl9aya5amy3De1gsUUSB1g3+3sExYNjCAsAznmukyxCb1GRA==",
      "dev": true
    },
    "node_modules/gl-icons-assets": {
      "version": "1.5.1",
      "resolved": "https://registry.npmjs.org/gl-icons-assets/-/gl-icons-assets-1.5.1.tgz",
      "integrity": "sha512-Pvupdhrep0DC8VHJPViU22MfLucaL/gvnr/5sz9EPJazUAoe1IKAQfR4qNParbmWep+ADPwL+q4iIA/sNl3ZWg==",
      "dev": true
    },
    "node_modules/gl-scss-styles": {
      "version": "3.1.1",
      "dev": true,
      "license": "ISC"
    },
    "node_modules/gl-w-attachment-frontend": {
      "version": "6.0.0",
      "resolved": "https://registry.npmjs.org/gl-w-attachment-frontend/-/gl-w-attachment-frontend-6.0.0.tgz",
      "integrity": "sha512-nL6YNTFJKLdpExLHIW8JwS7KCTM4L9fZCyqFuan60+8GOWvNFQvMMRIWIG8XZpPpZFre5AvmXkZ9pMg1fNPyYg==",
      "dev": true,
      "peerDependencies": {
        "typescript": "^5.3.3"
      }
    },
    "node_modules/gl-w-image-frontend": {
      "version": "6.0.0",
      "resolved": "https://registry.npmjs.org/gl-w-image-frontend/-/gl-w-image-frontend-6.0.0.tgz",
      "integrity": "sha512-B+OrF428JaJsT+fqvPlRLINscCeQV1qrq6X6PfY2MIoU6JReAw6dWLMA6BlY2vj+IkF7lwD97fEem6GcffI1Fg==",
      "dev": true,
      "peerDependencies": {
        "typescript": "^5.3.3"
      }
    },
    "node_modules/gl-w-number-frontend": {
      "version": "6.0.0",
      "resolved": "https://registry.npmjs.org/gl-w-number-frontend/-/gl-w-number-frontend-6.0.0.tgz",
      "integrity": "sha512-kOmnLziWgM6UU2ErWn5cCJAo2JlcS27YormpAqT4VLT6yPq4Z/B4orOkQ2ozWiixjYT0btv9QrrQ2c6ymAYs1Q==",
      "dev": true,
      "peerDependencies": {
        "decimal.js": "^10.4.3",
        "typescript": "^5.3.3"
      }
    },
    "node_modules/rxjs": {
      "version": "7.8.1",
      "resolved": "https://registry.npmjs.org/rxjs/-/rxjs-7.8.1.tgz",
      "integrity": "sha512-AA3TVj+0A2iuIoQkWEK/tqFjBq2j+6PO6Y0zJcvzLAFhEFIO3HL0vls9hWLncZbAAbK0mar7oZ4V079I/qPMxg==",
      "dev": true,
      "peer": true,
      "dependencies": {
        "tslib": "^2.1.0"
      }
    },
    "node_modules/tslib": {
      "version": "2.6.2",
      "dev": true,
      "license": "0BSD"
    },
    "node_modules/typescript": {
      "version": "5.4.5",
      "resolved": "https://registry.npmjs.org/typescript/-/typescript-5.4.5.tgz",
      "integrity": "sha512-vcI4UpRgg81oIRUFwR0WSIHKt11nJ7SAVlYNIu+QpqeyXP+gpQJy/Z4+F0aGxSE4MqwjyXvW/TzgkLAx2AGHwQ==",
      "dev": true,
      "peer": true,
      "bin": {
        "tsc": "bin/tsc",
        "tsserver": "bin/tsserver"
      },
      "engines": {
        "node": ">=14.17"
      }
    },
    "node_modules/zone.js": {
      "version": "0.14.5",
      "resolved": "https://registry.npmjs.org/zone.js/-/zone.js-0.14.5.tgz",
      "integrity": "sha512-9XYWZzY6PhHOSdkYryNcMm7L8EK7a4q+GbTvxbIA2a9lMdRUpGuyaYvLDcg8D6bdn+JomSsbPcilVKg6SmUx6w==",
      "dev": true,
      "peer": true,
      "dependencies": {
        "tslib": "^2.3.0"
      }
    }
  }
}
