{
  "name": "gl-ng-attachments-frontend",
  "version": "4.0.6",
  "lockfileVersion": 1,
  "requires": true,
  "dependencies": {
    "decimal.js": {
      "version": "10.3.1",
      "resolved": "https://registry.npmjs.org/decimal.js/-/decimal.js-10.3.1.tgz",
      "integrity": "sha512-V0pfhfr8suzyPGOx3nmq4aHqabehUZn6Ch9kyFpV79TGDTWFmHqUqXdabR7QHqxzrYolF4+tVmJhUG4OURg5dQ=="
    },
    "gl-scss-styles": {
      "version": "3.1.1",
      "resolved": "https://registry.npmjs.org/gl-scss-styles/-/gl-scss-styles-3.1.1.tgz",
      "integrity": "sha512-4lGUkqCwOnbMMfVNDhvw89up99WhXsHpBbK+RdGpFKkNEPhggnfQLn+u7ql2+DnOGWdkeCA6jnuOCMssNEpAPw=="
    },
    "gl-w-attachment-frontend": {
      "version": "1.0.2",
      "resolved": "https://registry.npmjs.org/gl-w-attachment-frontend/-/gl-w-attachment-frontend-1.0.2.tgz",
      "integrity": "sha512-gFwIb84fhdU9epz0Y4MzA6+rNCQyUJqltwvP2eqf6xI5d0LZK7yHDjowp0A8xroh5F7XkP3NgIYWsE06AdAkiw=="
    },
    "gl-w-image-frontend": {
      "version": "1.0.0",
      "resolved": "https://registry.npmjs.org/gl-w-image-frontend/-/gl-w-image-frontend-1.0.0.tgz",
      "integrity": "sha512-AR2Wh+3+ZRMLE+XRhhGvbuSnPuLE/wcjftxdQZD24/36HA++RkUyFoPv3KeVH1oOmQRKR6vdZ7q12X0DDHKm/w=="
    },
    "gl-w-number-frontend": {
      "version": "1.0.1",
      "resolved": "https://registry.npmjs.org/gl-w-number-frontend/-/gl-w-number-frontend-1.0.1.tgz",
      "integrity": "sha512-Gggn3Ooe3SvNYSw+mKvqnS8wTU7Ekc5wjc9rMVJ634TeieIEJ70/eQ6DD50YXvfvIymsbJfhm8dylAJS1ABvmQ==",
      "requires": {
        "decimal.js": "^10.3.1"
      }
    }
  }
}
