{
  "name": "gl-ng-attachments-frontend",
  "version": "1.0.1",
  "lockfileVersion": 1,
  "requires": true,
  "dependencies": {
    "@angular/cdk": {
      "version": "11.2.8",
      "resolved": "https://registry.npmjs.org/@angular/cdk/-/cdk-11.2.8.tgz",
      "integrity": "sha512-RLJnL4U8FXoaUptVkuYjPA5eo+L0O34NEPZECKQMYZhFAD934bo8/nk+DEBZGyM77GxPUL1seaFNMm+y1wox2g==",
      "requires": {
        "parse5": "^5.0.0",
        "tslib": "^2.0.0"
      },
      "dependencies": {
        "tslib": {
          "version": "2.2.0",
          "resolved": "https://registry.npmjs.org/tslib/-/tslib-2.2.0.tgz",
          "integrity": "sha512-gS9GVHRU+RGn5KQM2rllAlR3dU6m7AcpJKdtH8gFvQiC4Otgk98XnmMU+nZenHt/+VhnBPWwgrJsyrdcw6i23w=="
        }
      }
    },
    "@angular/material": {
      "version": "11.2.8",
      "resolved": "https://registry.npmjs.org/@angular/material/-/material-11.2.8.tgz",
      "integrity": "sha512-mCHOdJgWmlVF4suZFKKmmyprnPNBlCOYyHtQfjmcXRJp6WFX/nd11Mfrs9fY8pQJ2FWjOwxfABEPBGM/E7HxIg==",
      "requires": {
        "tslib": "^2.0.0"
      },
      "dependencies": {
        "tslib": {
          "version": "2.2.0",
          "resolved": "https://registry.npmjs.org/tslib/-/tslib-2.2.0.tgz",
          "integrity": "sha512-gS9GVHRU+RGn5KQM2rllAlR3dU6m7AcpJKdtH8gFvQiC4Otgk98XnmMU+nZenHt/+VhnBPWwgrJsyrdcw6i23w=="
        }
      }
    },
    "@angular/material-moment-adapter": {
      "version": "11.2.8",
      "resolved": "https://registry.npmjs.org/@angular/material-moment-adapter/-/material-moment-adapter-11.2.8.tgz",
      "integrity": "sha512-zSwaYkp3M/8r+igcnPrUp9gsbXMxT68hdx22wTfsOKUG/iL8nEXhrRoQLtc74lM4Pp9vS7yvP0fpATj9eZnnAg==",
      "requires": {
        "tslib": "^2.0.0"
      },
      "dependencies": {
        "tslib": {
          "version": "2.2.0",
          "resolved": "https://registry.npmjs.org/tslib/-/tslib-2.2.0.tgz",
          "integrity": "sha512-gS9GVHRU+RGn5KQM2rllAlR3dU6m7AcpJKdtH8gFvQiC4Otgk98XnmMU+nZenHt/+VhnBPWwgrJsyrdcw6i23w=="
        }
      }
    },
    "@pnp/common": {
      "version": "2.4.0",
      "resolved": "https://registry.npmjs.org/@pnp/common/-/common-2.4.0.tgz",
      "integrity": "sha512-YicQs3LhCTkF2pB6mURcF78bKe+0bqr50o0gh9wh6P3tXOb5HTPKDd9y8hkjfYRXMEdiGACvckuI7SWG4h0uhg==",
      "requires": {
        "tslib": "2.2.0"
      },
      "dependencies": {
        "tslib": {
          "version": "2.2.0",
          "resolved": "https://registry.npmjs.org/tslib/-/tslib-2.2.0.tgz",
          "integrity": "sha512-gS9GVHRU+RGn5KQM2rllAlR3dU6m7AcpJKdtH8gFvQiC4Otgk98XnmMU+nZenHt/+VhnBPWwgrJsyrdcw6i23w=="
        }
      }
    },
    "@pnp/logging": {
      "version": "2.4.0",
      "resolved": "https://registry.npmjs.org/@pnp/logging/-/logging-2.4.0.tgz",
      "integrity": "sha512-gWbxf3jdWavNjuAuruTz71eRDCKPEgrdxv/g1CoLzel9mr+NVYwQQ3+YLrrTv5XCBWkqNirb6Yhwy39p4mqzpQ==",
      "requires": {
        "tslib": "2.2.0"
      },
      "dependencies": {
        "tslib": {
          "version": "2.2.0",
          "resolved": "https://registry.npmjs.org/tslib/-/tslib-2.2.0.tgz",
          "integrity": "sha512-gS9GVHRU+RGn5KQM2rllAlR3dU6m7AcpJKdtH8gFvQiC4Otgk98XnmMU+nZenHt/+VhnBPWwgrJsyrdcw6i23w=="
        }
      }
    },
    "@pnp/odata": {
      "version": "2.4.0",
      "resolved": "https://registry.npmjs.org/@pnp/odata/-/odata-2.4.0.tgz",
      "integrity": "sha512-7d3T+I7LTPxCr/evLlXV6nfv1ivVo6HmT0eyi6HIQezR0td609MIVA2eUInNY68HpVfmUZ6biKwPKDigW193iA==",
      "requires": {
        "@pnp/common": "2.4.0",
        "@pnp/logging": "2.4.0",
        "tslib": "2.2.0"
      },
      "dependencies": {
        "tslib": {
          "version": "2.2.0",
          "resolved": "https://registry.npmjs.org/tslib/-/tslib-2.2.0.tgz",
          "integrity": "sha512-gS9GVHRU+RGn5KQM2rllAlR3dU6m7AcpJKdtH8gFvQiC4Otgk98XnmMU+nZenHt/+VhnBPWwgrJsyrdcw6i23w=="
        }
      }
    },
    "@pnp/sp": {
      "version": "2.4.0",
      "resolved": "https://registry.npmjs.org/@pnp/sp/-/sp-2.4.0.tgz",
      "integrity": "sha512-go5OlXzM4EavJPpwclY70IqH6IJBMEEUs5BReo162O/+TFfME6p0nFE/O2qaBiU1BVIDp95c5qgo/sl5+GVNkQ==",
      "requires": {
        "@pnp/common": "2.4.0",
        "@pnp/logging": "2.4.0",
        "@pnp/odata": "2.4.0",
        "tslib": "2.2.0"
      },
      "dependencies": {
        "tslib": {
          "version": "2.2.0",
          "resolved": "https://registry.npmjs.org/tslib/-/tslib-2.2.0.tgz",
          "integrity": "sha512-gS9GVHRU+RGn5KQM2rllAlR3dU6m7AcpJKdtH8gFvQiC4Otgk98XnmMU+nZenHt/+VhnBPWwgrJsyrdcw6i23w=="
        }
      }
    },
    "adler-32": {
      "version": "1.2.0",
      "resolved": "https://registry.npmjs.org/adler-32/-/adler-32-1.2.0.tgz",
      "integrity": "sha1-aj5r8KY5ALoVZSgIyxXGgT0aXyU=",
      "requires": {
        "exit-on-epipe": "~1.0.1",
        "printj": "~1.1.0"
      }
    },
    "cfb": {
      "version": "1.2.0",
      "resolved": "https://registry.npmjs.org/cfb/-/cfb-1.2.0.tgz",
      "integrity": "sha512-sXMvHsKCICVR3Naq+J556K+ExBo9n50iKl6LGarlnvuA2035uMlGA/qVrc0wQtow5P1vJEw9UyrKLCbtIKz+TQ==",
      "requires": {
        "adler-32": "~1.2.0",
        "crc-32": "~1.2.0",
        "printj": "~1.1.2"
      }
    },
    "codepage": {
      "version": "1.14.0",
      "resolved": "https://registry.npmjs.org/codepage/-/codepage-1.14.0.tgz",
      "integrity": "sha1-jL4lSBMjVZ19MHVxsP/5HnodL5k=",
      "requires": {
        "commander": "~2.14.1",
        "exit-on-epipe": "~1.0.1"
      },
      "dependencies": {
        "commander": {
          "version": "2.14.1",
          "resolved": "https://registry.npmjs.org/commander/-/commander-2.14.1.tgz",
          "integrity": "sha512-+YR16o3rK53SmWHU3rEM3tPAh2rwb1yPcQX5irVn7mb0gXbwuCCrnkbV5+PBfETdfg1vui07nM6PCG1zndcjQw=="
        }
      }
    },
    "commander": {
      "version": "2.17.1",
      "resolved": "https://registry.npmjs.org/commander/-/commander-2.17.1.tgz",
      "integrity": "sha512-wPMUt6FnH2yzG95SA6mzjQOEKUU3aLaDEmzs1ti+1E9h+CsrZghRlqEM/EJ4KscsQVG8uNN4uVreUeT8+drlgg=="
    },
    "crc-32": {
      "version": "1.2.0",
      "resolved": "https://registry.npmjs.org/crc-32/-/crc-32-1.2.0.tgz",
      "integrity": "sha512-1uBwHxF+Y/4yF5G48fwnKq6QsIXheor3ZLPT80yGBV1oEUwpPojlEhQbWKVw1VwcTQyMGHK1/XMmTjmlsmTTGA==",
      "requires": {
        "exit-on-epipe": "~1.0.1",
        "printj": "~1.1.0"
      }
    },
    "d": {
      "version": "1.0.1",
      "resolved": "https://registry.npmjs.org/d/-/d-1.0.1.tgz",
      "integrity": "sha512-m62ShEObQ39CfralilEQRjH6oAMtNCV1xJyEx5LpRYUVN+EviphDgUc/F3hnYbADmkiNs67Y+3ylmlG7Lnu+FA==",
      "requires": {
        "es5-ext": "^0.10.50",
        "type": "^1.0.1"
      }
    },
    "decimal.js": {
      "version": "10.2.1",
      "resolved": "https://registry.npmjs.org/decimal.js/-/decimal.js-10.2.1.tgz",
      "integrity": "sha512-KaL7+6Fw6i5A2XSnsbhm/6B+NuEA7TZ4vqxnd5tXz9sbKtrN9Srj8ab4vKVdK8YAqZO9P1kg45Y6YLoduPf+kw=="
    },
    "es5-ext": {
      "version": "0.10.53",
      "resolved": "https://registry.npmjs.org/es5-ext/-/es5-ext-0.10.53.tgz",
      "integrity": "sha512-Xs2Stw6NiNHWypzRTY1MtaG/uJlwCk8kH81920ma8mvN8Xq1gsfhZvpkImLQArw8AHnv8MT2I45J3c0R8slE+Q==",
      "requires": {
        "es6-iterator": "~2.0.3",
        "es6-symbol": "~3.1.3",
        "next-tick": "~1.0.0"
      }
    },
    "es6-iterator": {
      "version": "2.0.3",
      "resolved": "https://registry.npmjs.org/es6-iterator/-/es6-iterator-2.0.3.tgz",
      "integrity": "sha1-p96IkUGgWpSwhUQDstCg+/qY87c=",
      "requires": {
        "d": "1",
        "es5-ext": "^0.10.35",
        "es6-symbol": "^3.1.1"
      }
    },
    "es6-symbol": {
      "version": "3.1.3",
      "resolved": "https://registry.npmjs.org/es6-symbol/-/es6-symbol-3.1.3.tgz",
      "integrity": "sha512-NJ6Yn3FuDinBaBRWl/q5X/s4koRHBrgKAu+yGI6JCBeiu3qrcbJhwT2GeR/EXVfylRk8dpQVJoLEFhK+Mu31NA==",
      "requires": {
        "d": "^1.0.1",
        "ext": "^1.1.2"
      }
    },
    "exit-on-epipe": {
      "version": "1.0.1",
      "resolved": "https://registry.npmjs.org/exit-on-epipe/-/exit-on-epipe-1.0.1.tgz",
      "integrity": "sha512-h2z5mrROTxce56S+pnvAV890uu7ls7f1kEvVGJbw1OlFH3/mlJ5bkXu0KRyW94v37zzHPiUd55iLn3DA7TjWpw=="
    },
    "ext": {
      "version": "1.4.0",
      "resolved": "https://registry.npmjs.org/ext/-/ext-1.4.0.tgz",
      "integrity": "sha512-Key5NIsUxdqKg3vIsdw9dSuXpPCQ297y6wBjL30edxwPgt2E44WcWBZey/ZvUc6sERLTxKdyCu4gZFmUbk1Q7A==",
      "requires": {
        "type": "^2.0.0"
      },
      "dependencies": {
        "type": {
          "version": "2.5.0",
          "resolved": "https://registry.npmjs.org/type/-/type-2.5.0.tgz",
          "integrity": "sha512-180WMDQaIMm3+7hGXWf12GtdniDEy7nYcyFMKJn/eZz/6tSLXrUN9V0wKSbMjej0I1WHWbpREDEKHtqPQa9NNw=="
        }
      }
    },
    "fflate": {
      "version": "0.3.11",
      "resolved": "https://registry.npmjs.org/fflate/-/fflate-0.3.11.tgz",
      "integrity": "sha512-Rr5QlUeGN1mbOHlaqcSYMKVpPbgLy0AWT/W0EHxA6NGI12yO1jpoui2zBBvU2G824ltM6Ut8BFgfHSBGfkmS0A=="
    },
    "frac": {
      "version": "1.1.2",
      "resolved": "https://registry.npmjs.org/frac/-/frac-1.1.2.tgz",
      "integrity": "sha512-w/XBfkibaTl3YDqASwfDUqkna4Z2p9cFSr1aHDt0WoMTECnRfBOv2WArlZILlqgWlmdIlALXGpM2AOhEk5W3IA=="
    },
    "gl-icons-assets": {
      "version": "1.0.0",
      "resolved": "https://registry.npmjs.org/gl-icons-assets/-/gl-icons-assets-1.0.0.tgz",
      "integrity": "sha512-M9JAa/Y9VTO0DiZk7QHErz5zuwQVe4cBu8wEhAYoldff/DmKbfJeiJBAHIQymgP7UBjlJ+TQfi4OCbTN57gS/g=="
    },
    "gl-ng-attachments-frontend": {
      "version": "1.0.1",
      "resolved": "https://registry.npmjs.org/gl-ng-attachments-frontend/-/gl-ng-attachments-frontend-1.0.1.tgz",
      "integrity": "sha512-KHhO5tNfacUhKWtuCM3WaYb2yIIcsHPEiek/CadrN0A+bYHjnlh3Sb9NtY+tbhPoPgOx6H4Qrd4tIfTYaub+TQ==",
      "requires": {
        "gl-ng-buttons-frontend": "^1.0.0",
        "gl-ng-modals-frontend": "^1.0.1",
        "gl-ng-titles-frontend": "^1.0.0",
        "gl-scss-styles": "^1.0.0",
        "gl-w-frontend": "^2.6.0",
        "tslib": "^2.0.0"
      },
      "dependencies": {
        "gl-scss-styles": {
          "version": "1.0.0",
          "resolved": "https://registry.npmjs.org/gl-scss-styles/-/gl-scss-styles-1.0.0.tgz",
          "integrity": "sha512-8EPmvhpIUhvr288ewtJxUWBuRgMcdEsHRLaJOdXGWQ2d12gXwOd1Pb/uWkXhjd48JQvn0glNysifdfNhUqsPJw=="
        },
        "gl-w-frontend": {
          "version": "2.6.0",
          "resolved": "https://registry.npmjs.org/gl-w-frontend/-/gl-w-frontend-2.6.0.tgz",
          "integrity": "sha512-/4YVNzE3MX8R0oMOxs5oJwI8IPyRGORseQ7FaSsiK5mUVdle6bnhZFNrjZHq4XGVRoVkghlUQ0JPO5uJ5lfp/A==",
          "requires": {
            "decimal.js": "^10.2.1",
            "inputmask": "^5.0.5",
            "moment": "^2.29.1",
            "moment-range": "^4.0.2",
            "rxjs": "^6.6.3",
            "screenfull": "^5.1.0",
            "xlsx": "^0.16.9"
          }
        },
        "tslib": {
          "version": "2.2.0",
          "resolved": "https://registry.npmjs.org/tslib/-/tslib-2.2.0.tgz",
          "integrity": "sha512-gS9GVHRU+RGn5KQM2rllAlR3dU6m7AcpJKdtH8gFvQiC4Otgk98XnmMU+nZenHt/+VhnBPWwgrJsyrdcw6i23w=="
        }
      }
    },
    "gl-ng-buttons-frontend": {
      "version": "1.0.2",
      "resolved": "https://registry.npmjs.org/gl-ng-buttons-frontend/-/gl-ng-buttons-frontend-1.0.2.tgz",
      "integrity": "sha512-z0hmuqZXeeuooPGXfQnzHBXwH3A9CjMo26X8BMHz5gSqU/ufdUtHOPhUGHGPMP+smoMRdpKHRhotUXBsWkbtDA==",
      "requires": {
        "gl-icons-assets": "^1.0.0",
        "gl-ng-modals-frontend": "^1.0.1",
        "gl-scss-styles": "^1.0.0",
        "gl-sp-frontend": "^2.4.1",
        "tslib": "^2.0.0"
      },
      "dependencies": {
        "gl-scss-styles": {
          "version": "1.0.0",
          "resolved": "https://registry.npmjs.org/gl-scss-styles/-/gl-scss-styles-1.0.0.tgz",
          "integrity": "sha512-8EPmvhpIUhvr288ewtJxUWBuRgMcdEsHRLaJOdXGWQ2d12gXwOd1Pb/uWkXhjd48JQvn0glNysifdfNhUqsPJw=="
        },
        "tslib": {
          "version": "2.2.0",
          "resolved": "https://registry.npmjs.org/tslib/-/tslib-2.2.0.tgz",
          "integrity": "sha512-gS9GVHRU+RGn5KQM2rllAlR3dU6m7AcpJKdtH8gFvQiC4Otgk98XnmMU+nZenHt/+VhnBPWwgrJsyrdcw6i23w=="
        }
      }
    },
    "gl-ng-inputs-frontend": {
      "version": "1.1.2",
      "resolved": "https://registry.npmjs.org/gl-ng-inputs-frontend/-/gl-ng-inputs-frontend-1.1.2.tgz",
      "integrity": "sha512-UrxGKaBO+yHOGJ9q8TbUapBMasEJy/jCI7Id6EsfjYiK8ybPME/i4yU1K1Gqs/SA1jWGu8v5Xn5SOV2Dua6WVw==",
      "requires": {
        "@angular/cdk": "^11.2.8",
        "@angular/material": "^11.2.8",
        "@angular/material-moment-adapter": "^11.2.8",
        "gl-icons-assets": "^1.0.0",
        "gl-ng-attachments-frontend": "^1.0.0",
        "gl-ng-buttons-frontend": "^1.0.0",
        "gl-ng-modals-frontend": "^1.0.1",
        "gl-ng-titles-frontend": "1.0.0",
        "gl-w-frontend": "^2.6.0",
        "tslib": "^2.0.0"
      },
      "dependencies": {
        "gl-w-frontend": {
          "version": "2.6.0",
          "resolved": "https://registry.npmjs.org/gl-w-frontend/-/gl-w-frontend-2.6.0.tgz",
          "integrity": "sha512-/4YVNzE3MX8R0oMOxs5oJwI8IPyRGORseQ7FaSsiK5mUVdle6bnhZFNrjZHq4XGVRoVkghlUQ0JPO5uJ5lfp/A==",
          "requires": {
            "decimal.js": "^10.2.1",
            "inputmask": "^5.0.5",
            "moment": "^2.29.1",
            "moment-range": "^4.0.2",
            "rxjs": "^6.6.3",
            "screenfull": "^5.1.0",
            "xlsx": "^0.16.9"
          }
        },
        "tslib": {
          "version": "2.2.0",
          "resolved": "https://registry.npmjs.org/tslib/-/tslib-2.2.0.tgz",
          "integrity": "sha512-gS9GVHRU+RGn5KQM2rllAlR3dU6m7AcpJKdtH8gFvQiC4Otgk98XnmMU+nZenHt/+VhnBPWwgrJsyrdcw6i23w=="
        }
      }
    },
    "gl-ng-modals-frontend": {
      "version": "1.0.1",
      "resolved": "https://registry.npmjs.org/gl-ng-modals-frontend/-/gl-ng-modals-frontend-1.0.1.tgz",
      "integrity": "sha512-G1kFH2zkFdMoyFqww/eaxBRnqILli8EYVsOeHlTkofXpSbhtEUyme+SeyKGUq+nz+B8PxtBbYKfCZwtYl5FjkQ==",
      "requires": {
        "gl-ng-inputs-frontend": "^1.0.0",
        "gl-scss-styles": "^1.0.0",
        "tslib": "^2.0.0"
      },
      "dependencies": {
        "gl-scss-styles": {
          "version": "1.0.0",
          "resolved": "https://registry.npmjs.org/gl-scss-styles/-/gl-scss-styles-1.0.0.tgz",
          "integrity": "sha512-8EPmvhpIUhvr288ewtJxUWBuRgMcdEsHRLaJOdXGWQ2d12gXwOd1Pb/uWkXhjd48JQvn0glNysifdfNhUqsPJw=="
        },
        "tslib": {
          "version": "2.2.0",
          "resolved": "https://registry.npmjs.org/tslib/-/tslib-2.2.0.tgz",
          "integrity": "sha512-gS9GVHRU+RGn5KQM2rllAlR3dU6m7AcpJKdtH8gFvQiC4Otgk98XnmMU+nZenHt/+VhnBPWwgrJsyrdcw6i23w=="
        }
      }
    },
    "gl-ng-titles-frontend": {
      "version": "1.0.0",
      "resolved": "https://registry.npmjs.org/gl-ng-titles-frontend/-/gl-ng-titles-frontend-1.0.0.tgz",
      "integrity": "sha512-G4s9wbRDTrGVwPrCtq/X4H9dODLzhBM1MKxl3P1mje3/39i1F1xWK5TQ56vie7BDpBg8RzDIYtnYPdtxUJE8Kw==",
      "requires": {
        "gl-icons-assets": "^1.0.0",
        "gl-scss-styles": "^1.0.0",
        "tslib": "^2.0.0"
      },
      "dependencies": {
        "gl-scss-styles": {
          "version": "1.0.0",
          "resolved": "https://registry.npmjs.org/gl-scss-styles/-/gl-scss-styles-1.0.0.tgz",
          "integrity": "sha512-8EPmvhpIUhvr288ewtJxUWBuRgMcdEsHRLaJOdXGWQ2d12gXwOd1Pb/uWkXhjd48JQvn0glNysifdfNhUqsPJw=="
        },
        "tslib": {
          "version": "2.2.0",
          "resolved": "https://registry.npmjs.org/tslib/-/tslib-2.2.0.tgz",
          "integrity": "sha512-gS9GVHRU+RGn5KQM2rllAlR3dU6m7AcpJKdtH8gFvQiC4Otgk98XnmMU+nZenHt/+VhnBPWwgrJsyrdcw6i23w=="
        }
      }
    },
    "gl-sp-frontend": {
      "version": "2.4.1",
      "resolved": "https://registry.npmjs.org/gl-sp-frontend/-/gl-sp-frontend-2.4.1.tgz",
      "integrity": "sha512-r77EV/kbxMAAPuCWW6YD2AhBF7dxQT8eMPaPjErZmMU+KNnhCOZ9xSchLE0EJYDXA8ijmH19LkcsbrKuGu5mQA==",
      "requires": {
        "@pnp/sp": "^2.1.1",
        "gl-w-frontend": "^2.4.0"
      },
      "dependencies": {
        "gl-w-frontend": {
          "version": "2.6.0",
          "resolved": "https://registry.npmjs.org/gl-w-frontend/-/gl-w-frontend-2.6.0.tgz",
          "integrity": "sha512-/4YVNzE3MX8R0oMOxs5oJwI8IPyRGORseQ7FaSsiK5mUVdle6bnhZFNrjZHq4XGVRoVkghlUQ0JPO5uJ5lfp/A==",
          "requires": {
            "decimal.js": "^10.2.1",
            "inputmask": "^5.0.5",
            "moment": "^2.29.1",
            "moment-range": "^4.0.2",
            "rxjs": "^6.6.3",
            "screenfull": "^5.1.0",
            "xlsx": "^0.16.9"
          }
        }
      }
    },
    "inputmask": {
      "version": "5.0.5",
      "resolved": "https://registry.npmjs.org/inputmask/-/inputmask-5.0.5.tgz",
      "integrity": "sha512-9gqau4tb0oaxYiymLC43KU/aAXHVofya7ilGIxqKONbSh7LNKRHmpw6mhuH2D4yykRlcNhS9zI/FOsrAQmltQA=="
    },
    "moment": {
      "version": "2.29.1",
      "resolved": "https://registry.npmjs.org/moment/-/moment-2.29.1.tgz",
      "integrity": "sha512-kHmoybcPV8Sqy59DwNDY3Jefr64lK/by/da0ViFcuA4DH0vQg5Q6Ze5VimxkfQNSC+Mls/Kx53s7TjP1RhFEDQ=="
    },
    "moment-range": {
      "version": "4.0.2",
      "resolved": "https://registry.npmjs.org/moment-range/-/moment-range-4.0.2.tgz",
      "integrity": "sha512-n8sceWwSTjmz++nFHzeNEUsYtDqjgXgcOBzsHi+BoXQU2FW+eU92LUaK8gqOiSu5PG57Q9sYj1Fz4LRDj4FtKA==",
      "requires": {
        "es6-symbol": "^3.1.0"
      }
    },
    "next-tick": {
      "version": "1.0.0",
      "resolved": "https://registry.npmjs.org/next-tick/-/next-tick-1.0.0.tgz",
      "integrity": "sha1-yobR/ogoFpsBICCOPchCS524NCw="
    },
    "parse5": {
      "version": "5.1.1",
      "resolved": "https://registry.npmjs.org/parse5/-/parse5-5.1.1.tgz",
      "integrity": "sha512-ugq4DFI0Ptb+WWjAdOK16+u/nHfiIrcE+sh8kZMaM0WllQKLI9rOUq6c2b7cwPkXdzfQESqvoqK6ug7U/Yyzug==",
      "optional": true
    },
    "printj": {
      "version": "1.1.2",
      "resolved": "https://registry.npmjs.org/printj/-/printj-1.1.2.tgz",
      "integrity": "sha512-zA2SmoLaxZyArQTOPj5LXecR+RagfPSU5Kw1qP+jkWeNlrq+eJZyY2oS68SU1Z/7/myXM4lo9716laOFAVStCQ=="
    },
    "rxjs": {
      "version": "6.6.7",
      "resolved": "https://registry.npmjs.org/rxjs/-/rxjs-6.6.7.tgz",
      "integrity": "sha512-hTdwr+7yYNIT5n4AMYp85KA6yw2Va0FLa3Rguvbpa4W3I5xynaBZo41cM3XM+4Q6fRMj3sBYIR1VAmZMXYJvRQ==",
      "requires": {
        "tslib": "^1.9.0"
      },
      "dependencies": {
        "tslib": {
          "version": "1.14.1",
          "resolved": "https://registry.npmjs.org/tslib/-/tslib-1.14.1.tgz",
          "integrity": "sha512-Xni35NKzjgMrwevysHTCArtLDpPvye8zV/0E4EyYn43P7/7qvQwPh9BGkHewbMulVntbigmcT7rdX3BNo9wRJg=="
        }
      }
    },
    "screenfull": {
      "version": "5.1.0",
      "resolved": "https://registry.npmjs.org/screenfull/-/screenfull-5.1.0.tgz",
      "integrity": "sha512-dYaNuOdzr+kc6J6CFcBrzkLCfyGcMg+gWkJ8us93IQ7y1cevhQAugFsaCdMHb6lw8KV3xPzSxzH7zM1dQap9mA=="
    },
    "ssf": {
      "version": "0.11.2",
      "resolved": "https://registry.npmjs.org/ssf/-/ssf-0.11.2.tgz",
      "integrity": "sha512-+idbmIXoYET47hH+d7dfm2epdOMUDjqcB4648sTZ+t2JwoyBFL/insLfB/racrDmsKB3diwsDA696pZMieAC5g==",
      "requires": {
        "frac": "~1.1.2"
      }
    },
    "type": {
      "version": "1.2.0",
      "resolved": "https://registry.npmjs.org/type/-/type-1.2.0.tgz",
      "integrity": "sha512-+5nt5AAniqsCnu2cEQQdpzCAh33kVx8n0VoFidKpB1dVVLAN/F+bgVOqOJqOnEnrhp222clB5p3vUlD+1QAnfg=="
    },
    "wmf": {
      "version": "1.0.2",
      "resolved": "https://registry.npmjs.org/wmf/-/wmf-1.0.2.tgz",
      "integrity": "sha512-/p9K7bEh0Dj6WbXg4JG0xvLQmIadrner1bi45VMJTfnbVHsc7yIajZyoSoK60/dtVBs12Fm6WkUI5/3WAVsNMw=="
    },
    "word": {
      "version": "0.3.0",
      "resolved": "https://registry.npmjs.org/word/-/word-0.3.0.tgz",
      "integrity": "sha512-OELeY0Q61OXpdUfTp+oweA/vtLVg5VDOXh+3he3PNzLGG/y0oylSOC1xRVj0+l4vQ3tj/bB1HVHv1ocXkQceFA=="
    },
    "xlsx": {
      "version": "0.16.9",
      "resolved": "https://registry.npmjs.org/xlsx/-/xlsx-0.16.9.tgz",
      "integrity": "sha512-gxi1I3EasYvgCX1vN9pGyq920Ron4NO8PNfhuoA3Hpq6Y8f0ECXiy4OLrK4QZBnj1jx3QD+8Fq5YZ/3mPZ5iXw==",
      "requires": {
        "adler-32": "~1.2.0",
        "cfb": "^1.1.4",
        "codepage": "~1.14.0",
        "commander": "~2.17.1",
        "crc-32": "~1.2.0",
        "exit-on-epipe": "~1.0.1",
        "fflate": "^0.3.8",
        "ssf": "~0.11.2",
        "wmf": "~1.0.1",
        "word": "~0.3.0"
      }
    }
  }
}
