{
  "name": "gl-ng-titles-frontend",
  "version": "4.0.7",
  "lockfileVersion": 1,
  "requires": true,
  "dependencies": {
    "gl-icons-assets": {
      "version": "1.5.1",
      "resolved": "https://registry.npmjs.org/gl-icons-assets/-/gl-icons-assets-1.5.1.tgz",
      "integrity": "sha512-Pvupdhrep0DC8VHJPViU22MfLucaL/gvnr/5sz9EPJazUAoe1IKAQfR4qNParbmWep+ADPwL+q4iIA/sNl3ZWg=="
    },
    "gl-scss-styles": {
      "version": "3.1.1",
      "resolved": "https://registry.npmjs.org/gl-scss-styles/-/gl-scss-styles-3.1.1.tgz",
      "integrity": "sha512-4lGUkqCwOnbMMfVNDhvw89up99WhXsHpBbK+RdGpFKkNEPhggnfQLn+u7ql2+DnOGWdkeCA6jnuOCMssNEpAPw=="
    }
  }
}
