{
  "name": "gl-ng-filters-frontend",
  "version": "4.0.2",
  "lockfileVersion": 1,
  "requires": true,
  "dependencies": {
    "gl-scss-styles": {
      "version": "3.1.0",
      "resolved": "https://registry.npmjs.org/gl-scss-styles/-/gl-scss-styles-3.1.0.tgz",
      "integrity": "sha512-WNsKjYgMD7WZkrOxSH5siLwHMN55fwhXIiHQ8Yk8SadW8MUMe1EI2cr/YlozJYU7X4AsmEzyEBD8OJUpwLWqGg=="
    }
  }
}
