{
  "name": "gl-ng-buttons-frontend",
  "version": "9.0.2",
  "lockfileVersion": 3,
  "requires": true,
  "packages": {
    "": {
      "name": "gl-ng-buttons-frontend",
      "version": "9.0.2",
      "license": "MIT",
      "dependencies": {
        "decimal.js": "^10.4.3",
        "gl-icons-assets": "^1.5.1",
        "gl-scss-styles": "^3.1.1",
        "gl-sp-frontend": "^7.0.1",
        "gl-w-attachment-frontend": "^6.0.1",
        "gl-w-combobox-frontend": "^6.0.1",
        "gl-w-number-frontend": "^6.0.1"
      },
      "devDependencies": {
        "@angular/common": "~17.3.7",
        "@angular/core": "~17.3.7"
      },
      "peerDependencies": {
        "@angular/common": "~17.3.7",
        "@angular/core": "~17.3.7",
        "decimal.js": "^10.4.3",
        "gl-icons-assets": "^1.5.1",
        "gl-scss-styles": "^3.1.1",
        "gl-sp-frontend": "^7.0.1",
        "gl-w-attachment-frontend": "^6.0.1",
        "gl-w-combobox-frontend": "^6.0.1",
        "gl-w-number-frontend": "^6.0.1"
      }
    },
    "node_modules/@angular/common": {
      "version": "17.3.7",
      "resolved": "https://registry.npmjs.org/@angular/common/-/common-17.3.7.tgz",
      "integrity": "sha512-A7LRJu1vVCGGgrfZXjU+njz50SiU4weheKCar5PIUprcdIofS1IrHAJDqYh+kwXxkjXbZMOr/ijQY0+AESLEsw==",
      "dev": true,
      "dependencies": {
        "tslib": "^2.3.0"
      },
      "engines": {
        "node": "^18.13.0 || >=20.9.0"
      },
      "peerDependencies": {
        "@angular/core": "17.3.7",
        "rxjs": "^6.5.3 || ^7.4.0"
      }
    },
    "node_modules/@angular/core": {
      "version": "17.3.7",
      "resolved": "https://registry.npmjs.org/@angular/core/-/core-17.3.7.tgz",
      "integrity": "sha512-HWcrbxqnvIMSxFuQdN0KPt08bc87hqr0LKm89yuRTUwx/2sNJlNQUobk6aJj4trswGBttcRDT+GOS4DQP2Nr4g==",
      "dev": true,
      "dependencies": {
        "tslib": "^2.3.0"
      },
      "engines": {
        "node": "^18.13.0 || >=20.9.0"
      },
      "peerDependencies": {
        "rxjs": "^6.5.3 || ^7.4.0",
        "zone.js": "~0.14.0"
      }
    },
    "node_modules/@pnp/common": {
      "version": "2.15.0",
      "license": "MIT",
      "dependencies": {
        "tslib": "2.3.0"
      },
      "funding": {
        "type": "individual",
        "url": "https://github.com/sponsors/patrick-rodgers/"
      }
    },
    "node_modules/@pnp/logging": {
      "version": "2.15.0",
      "license": "MIT",
      "dependencies": {
        "tslib": "2.3.0"
      },
      "funding": {
        "type": "individual",
        "url": "https://github.com/sponsors/patrick-rodgers/"
      }
    },
    "node_modules/@pnp/odata": {
      "version": "2.15.0",
      "license": "MIT",
      "dependencies": {
        "@pnp/common": "2.15.0",
        "@pnp/logging": "2.15.0",
        "tslib": "2.3.0"
      },
      "funding": {
        "type": "individual",
        "url": "https://github.com/sponsors/patrick-rodgers/"
      }
    },
    "node_modules/@pnp/sp": {
      "version": "2.15.0",
      "license": "MIT",
      "dependencies": {
        "@pnp/common": "2.15.0",
        "@pnp/logging": "2.15.0",
        "@pnp/odata": "2.15.0",
        "tslib": "2.3.0"
      },
      "funding": {
        "type": "individual",
        "url": "https://github.com/sponsors/patrick-rodgers/"
      }
    },
    "node_modules/decimal.js": {
      "version": "10.4.3",
      "resolved": "https://registry.npmjs.org/decimal.js/-/decimal.js-10.4.3.tgz",
      "integrity": "sha512-VBBaLc1MgL5XpzgIP7ny5Z6Nx3UrRkIViUkPUdtl9aya5amy3De1gsUUSB1g3+3sExYNjCAsAznmukyxCb1GRA=="
    },
    "node_modules/gl-icons-assets": {
      "version": "1.5.1",
      "license": "ISC"
    },
    "node_modules/gl-scss-styles": {
      "version": "3.1.1",
      "license": "ISC"
    },
    "node_modules/gl-sp-frontend": {
      "version": "7.0.1",
      "resolved": "https://registry.npmjs.org/gl-sp-frontend/-/gl-sp-frontend-7.0.1.tgz",
      "integrity": "sha512-NyQauF8WdgU4Bq0UCW9YaKZruV/p1KceT7V+DRPvtHw6dEKIgMPE5QBzbCP+VZdtOIuKcTHLxUDP7CTnoYpEMg==",
      "dependencies": {
        "@pnp/sp": "^2.15.0",
        "gl-w-array-frontend": "^6.0.1",
        "gl-w-attachment-frontend": "^6.0.1",
        "gl-w-combobox-frontend": "^6.0.1"
      },
      "peerDependencies": {
        "@pnp/sp": "^2.15.0",
        "gl-w-array-frontend": "^6.0.1",
        "gl-w-attachment-frontend": "^6.0.1",
        "gl-w-combobox-frontend": "^6.0.1",
        "typescript": "^5.3.3"
      }
    },
    "node_modules/gl-w-array-frontend": {
      "version": "6.0.1",
      "resolved": "https://registry.npmjs.org/gl-w-array-frontend/-/gl-w-array-frontend-6.0.1.tgz",
      "integrity": "sha512-kzufqLJl93mce2qTnstQr6go8+ubYnldGCTbk/8zP0IRx2GGC8ZuJLRee3FmXae8ScDsDo6LyWX9hUdLIMeK+g==",
      "peerDependencies": {
        "typescript": "^5.3.3"
      }
    },
    "node_modules/gl-w-attachment-frontend": {
      "version": "6.0.1",
      "resolved": "https://registry.npmjs.org/gl-w-attachment-frontend/-/gl-w-attachment-frontend-6.0.1.tgz",
      "integrity": "sha512-0Tlsl/0Oz8Jm9ORa9jGjSwm/J12BLO2uIRzi1WU8CB/m1VtnXqoGgUzuAepcHizXm3y2sbDxkUf7koqPPQQsZA==",
      "peerDependencies": {
        "typescript": "^5.3.3"
      }
    },
    "node_modules/gl-w-combobox-frontend": {
      "version": "6.0.1",
      "resolved": "https://registry.npmjs.org/gl-w-combobox-frontend/-/gl-w-combobox-frontend-6.0.1.tgz",
      "integrity": "sha512-1tYI7vr4cfr/uO+mQHhjD1GrH9rfUTl4HAU67bu2G4IwVvTwUsY+PAA8S0oMGHouV8XTFnfL6NbaIwkEklFO3w==",
      "dependencies": {
        "decimal.js": "^10.4.3",
        "moment": "^2.30.1"
      },
      "peerDependencies": {
        "decimal.js": "^10.4.3",
        "moment": "^2.30.1",
        "typescript": "^5.3.3"
      }
    },
    "node_modules/gl-w-number-frontend": {
      "version": "6.0.1",
      "resolved": "https://registry.npmjs.org/gl-w-number-frontend/-/gl-w-number-frontend-6.0.1.tgz",
      "integrity": "sha512-5Mv7G245z1O/QgQcAyMfKqV9mwvoVq5PSjyOaEUGgKTdNS6s3JiE9YgVM2dnTiocbv0sJoqZWv8GsGJtecAOMA==",
      "dependencies": {
        "decimal.js": "^10.4.3"
      },
      "peerDependencies": {
        "decimal.js": "^10.4.3",
        "typescript": "^5.3.3"
      }
    },
    "node_modules/moment": {
      "version": "2.30.1",
      "resolved": "https://registry.npmjs.org/moment/-/moment-2.30.1.tgz",
      "integrity": "sha512-uEmtNhbDOrWPFS+hdjFCBfy9f2YoyzRpwcl+DqpC6taX21FzsTLQVbMV/W7PzNSX6x/bhC1zA3c2UQ5NzH6how==",
      "engines": {
        "node": "*"
      }
    },
    "node_modules/rxjs": {
      "version": "7.8.1",
      "resolved": "https://registry.npmjs.org/rxjs/-/rxjs-7.8.1.tgz",
      "integrity": "sha512-AA3TVj+0A2iuIoQkWEK/tqFjBq2j+6PO6Y0zJcvzLAFhEFIO3HL0vls9hWLncZbAAbK0mar7oZ4V079I/qPMxg==",
      "dev": true,
      "peer": true,
      "dependencies": {
        "tslib": "^2.1.0"
      }
    },
    "node_modules/tslib": {
      "version": "2.3.0",
      "license": "0BSD"
    },
    "node_modules/typescript": {
      "version": "5.4.5",
      "resolved": "https://registry.npmjs.org/typescript/-/typescript-5.4.5.tgz",
      "integrity": "sha512-vcI4UpRgg81oIRUFwR0WSIHKt11nJ7SAVlYNIu+QpqeyXP+gpQJy/Z4+F0aGxSE4MqwjyXvW/TzgkLAx2AGHwQ==",
      "peer": true,
      "bin": {
        "tsc": "bin/tsc",
        "tsserver": "bin/tsserver"
      },
      "engines": {
        "node": ">=14.17"
      }
    },
    "node_modules/zone.js": {
      "version": "0.14.5",
      "resolved": "https://registry.npmjs.org/zone.js/-/zone.js-0.14.5.tgz",
      "integrity": "sha512-9XYWZzY6PhHOSdkYryNcMm7L8EK7a4q+GbTvxbIA2a9lMdRUpGuyaYvLDcg8D6bdn+JomSsbPcilVKg6SmUx6w==",
      "dev": true,
      "peer": true,
      "dependencies": {
        "tslib": "^2.3.0"
      }
    }
  }
}
