{
  "name": "gl-ng-buttons-frontend",
  "version": "4.0.6",
  "lockfileVersion": 1,
  "requires": true,
  "dependencies": {
    "@pnp/common": {
      "version": "2.14.0",
      "resolved": "https://registry.npmjs.org/@pnp/common/-/common-2.14.0.tgz",
      "integrity": "sha512-GtiV/GfnDtQpoCCTr1GsGpLNI3QC6CRSDduSMbnqFO7uW0MCQXH2xh126/UceH4mwP3BVjNUhi7JZCMEa1lB2A==",
      "requires": {
        "tslib": "2.3.0"
      }
    },
    "@pnp/logging": {
      "version": "2.14.0",
      "resolved": "https://registry.npmjs.org/@pnp/logging/-/logging-2.14.0.tgz",
      "integrity": "sha512-M/7PyG6zf962KI96ORtmnKp+a45x2Wcy5llsz0+i4FYoWRZuXA9UY5ahIO34sRSYB7FZw5tVwmxSlvQKVLWF3w==",
      "requires": {
        "tslib": "2.3.0"
      }
    },
    "@pnp/odata": {
      "version": "2.14.0",
      "resolved": "https://registry.npmjs.org/@pnp/odata/-/odata-2.14.0.tgz",
      "integrity": "sha512-HuVOLJxXsjiVj/Qi0sDYL+v+Nty6SPquz4Qtb0PDNUdRnH63UKEmI8M19QQDohxmCJvueNL1gNj9iy9yHWnASQ==",
      "requires": {
        "@pnp/common": "2.14.0",
        "@pnp/logging": "2.14.0",
        "tslib": "2.3.0"
      }
    },
    "@pnp/sp": {
      "version": "2.14.0",
      "resolved": "https://registry.npmjs.org/@pnp/sp/-/sp-2.14.0.tgz",
      "integrity": "sha512-DP1Hajw6gm2vFfNd5iStYTaSVt1aggGQ0rBpOU+5B9tfJb9WBVOlpwQ8jfvRZXNjc9TRGxFTnO1oH29E4MP2UA==",
      "requires": {
        "@pnp/common": "2.14.0",
        "@pnp/logging": "2.14.0",
        "@pnp/odata": "2.14.0",
        "tslib": "2.3.0"
      }
    },
    "decimal.js": {
      "version": "10.3.1",
      "resolved": "https://registry.npmjs.org/decimal.js/-/decimal.js-10.3.1.tgz",
      "integrity": "sha512-V0pfhfr8suzyPGOx3nmq4aHqabehUZn6Ch9kyFpV79TGDTWFmHqUqXdabR7QHqxzrYolF4+tVmJhUG4OURg5dQ=="
    },
    "gl-icons-assets": {
      "version": "1.5.1",
      "resolved": "https://registry.npmjs.org/gl-icons-assets/-/gl-icons-assets-1.5.1.tgz",
      "integrity": "sha512-Pvupdhrep0DC8VHJPViU22MfLucaL/gvnr/5sz9EPJazUAoe1IKAQfR4qNParbmWep+ADPwL+q4iIA/sNl3ZWg=="
    },
    "gl-scss-styles": {
      "version": "3.1.1",
      "resolved": "https://registry.npmjs.org/gl-scss-styles/-/gl-scss-styles-3.1.1.tgz",
      "integrity": "sha512-4lGUkqCwOnbMMfVNDhvw89up99WhXsHpBbK+RdGpFKkNEPhggnfQLn+u7ql2+DnOGWdkeCA6jnuOCMssNEpAPw=="
    },
    "gl-sp-frontend": {
      "version": "2.4.6",
      "resolved": "https://registry.npmjs.org/gl-sp-frontend/-/gl-sp-frontend-2.4.6.tgz",
      "integrity": "sha512-EU92q+joemFPg+ONCqzI2SOfLsQ0dZqsg/3LrqEzY/JHMDzPw7jdWBbQBe9RgSChZ6T84UrEbz2Z/wyGSM+6Jw==",
      "requires": {
        "@pnp/sp": "^2.11.0",
        "gl-w-array-frontend": "^1.0.2",
        "gl-w-attachment-frontend": "^1.0.2",
        "gl-w-combobox-frontend": "^1.0.1"
      }
    },
    "gl-w-array-frontend": {
      "version": "1.0.2",
      "resolved": "https://registry.npmjs.org/gl-w-array-frontend/-/gl-w-array-frontend-1.0.2.tgz",
      "integrity": "sha512-+rI+Z9h4z+Us4PhR8lRHkChtW38zpGHZz2FwhCAPPJKF32tHt7G6B5QN7BFSyxfM12VtkU6RdMIf0KC3AXy+qg=="
    },
    "gl-w-attachment-frontend": {
      "version": "1.0.2",
      "resolved": "https://registry.npmjs.org/gl-w-attachment-frontend/-/gl-w-attachment-frontend-1.0.2.tgz",
      "integrity": "sha512-gFwIb84fhdU9epz0Y4MzA6+rNCQyUJqltwvP2eqf6xI5d0LZK7yHDjowp0A8xroh5F7XkP3NgIYWsE06AdAkiw=="
    },
    "gl-w-combobox-frontend": {
      "version": "1.0.1",
      "resolved": "https://registry.npmjs.org/gl-w-combobox-frontend/-/gl-w-combobox-frontend-1.0.1.tgz",
      "integrity": "sha512-Gjg7ky4CP4/W/veJULudpd0WLNAjr+d9rP5hL5U14iaWGnkpYemps0NeZmvw5UbCvoPxoFTKd26T2hLYxAjIfg==",
      "requires": {
        "decimal.js": "^10.3.1",
        "moment": "^2.29.1"
      }
    },
    "gl-w-number-frontend": {
      "version": "1.0.1",
      "resolved": "https://registry.npmjs.org/gl-w-number-frontend/-/gl-w-number-frontend-1.0.1.tgz",
      "integrity": "sha512-Gggn3Ooe3SvNYSw+mKvqnS8wTU7Ekc5wjc9rMVJ634TeieIEJ70/eQ6DD50YXvfvIymsbJfhm8dylAJS1ABvmQ==",
      "requires": {
        "decimal.js": "^10.3.1"
      }
    },
    "moment": {
      "version": "2.29.4",
      "resolved": "https://registry.npmjs.org/moment/-/moment-2.29.4.tgz",
      "integrity": "sha512-5LC9SOxjSc2HF6vO2CyuTDNivEdoz2IvyJJGj6X8DJ0eFyfszE0QiEd+iXmBvUP3WHxSjFH/vIsA0EN00cgr8w=="
    },
    "tslib": {
      "version": "2.3.0",
      "resolved": "https://registry.npmjs.org/tslib/-/tslib-2.3.0.tgz",
      "integrity": "sha512-N82ooyxVNm6h1riLCoyS9e3fuJ3AMG2zIZs2Gd1ATcSFjSA23Q0fzjjZeh0jbJvWVDZ0cJT8yaNNaaXHzueNjg=="
    }
  }
}
