{
  "name": "gl-ng-frontend",
  "version": "6.0.2",
  "lockfileVersion": 1,
  "requires": true,
  "dependencies": {
    "@pnp/common": {
      "version": "2.8.0",
      "resolved": "https://registry.npmjs.org/@pnp/common/-/common-2.8.0.tgz",
      "integrity": "sha512-X0qxTjUzA3RhPMSZX6R2KGd+a2YLzVywKzKt3VYWVOkmXxSq842atBPlNLcBKOVl9SWJ5a26ZHfZtzTe+lNQfg==",
      "requires": {
        "tslib": "2.3.0"
      }
    },
    "@pnp/logging": {
      "version": "2.8.0",
      "resolved": "https://registry.npmjs.org/@pnp/logging/-/logging-2.8.0.tgz",
      "integrity": "sha512-kF0Wl2BdeOHVWeIATxp+Tnq161qo4UrH+21pmBkWjZcOHul5lTx+r0tXDoLozoJ8OCCTuYh/PPO3NzL59vmAVQ==",
      "requires": {
        "tslib": "2.3.0"
      }
    },
    "@pnp/odata": {
      "version": "2.8.0",
      "resolved": "https://registry.npmjs.org/@pnp/odata/-/odata-2.8.0.tgz",
      "integrity": "sha512-yfInCGj52ScCATJVVu5qeL2Vx2vFwCbnU2GYs2TOKnldr0jNThh+p2JG2L1fjLUqpTj+mkxJN2H9LKwfAcOHRQ==",
      "requires": {
        "@pnp/common": "2.8.0",
        "@pnp/logging": "2.8.0",
        "tslib": "2.3.0"
      }
    },
    "@pnp/sp": {
      "version": "2.8.0",
      "resolved": "https://registry.npmjs.org/@pnp/sp/-/sp-2.8.0.tgz",
      "integrity": "sha512-mqALznr8AYGD/eVZmWuiiNvzT3wxPCIKDOdLWGkbDQ7V/sX6zz0i/omNIJ6oVduSJFKg2byR/ivqUgCFOkGQ2g==",
      "requires": {
        "@pnp/common": "2.8.0",
        "@pnp/logging": "2.8.0",
        "@pnp/odata": "2.8.0",
        "tslib": "2.3.0"
      }
    },
    "decimal.js": {
      "version": "10.3.1",
      "resolved": "https://registry.npmjs.org/decimal.js/-/decimal.js-10.3.1.tgz",
      "integrity": "sha512-V0pfhfr8suzyPGOx3nmq4aHqabehUZn6Ch9kyFpV79TGDTWFmHqUqXdabR7QHqxzrYolF4+tVmJhUG4OURg5dQ=="
    },
    "gl-icons-assets": {
      "version": "1.5.0",
      "resolved": "https://registry.npmjs.org/gl-icons-assets/-/gl-icons-assets-1.5.0.tgz",
      "integrity": "sha512-YKX4i9dHqw5x4ixvqatJUHoIjyQsJJ6S65QIwZqfcut5YthfP4E7qW6tyEhywEeOvSTHdjemWg2/nE/rHBv/gw=="
    },
    "gl-scss-styles": {
      "version": "3.1.0",
      "resolved": "https://registry.npmjs.org/gl-scss-styles/-/gl-scss-styles-3.1.0.tgz",
      "integrity": "sha512-WNsKjYgMD7WZkrOxSH5siLwHMN55fwhXIiHQ8Yk8SadW8MUMe1EI2cr/YlozJYU7X4AsmEzyEBD8OJUpwLWqGg=="
    },
    "gl-sp-frontend": {
      "version": "2.4.5",
      "resolved": "https://registry.npmjs.org/gl-sp-frontend/-/gl-sp-frontend-2.4.5.tgz",
      "integrity": "sha512-oz5R4sAxlND2ZSpy/cdlpIWvixLbvf6sRLIie1qJXhFh6j9Fwfx8N1lLyWmmbiBMJoZ7RkZTggcx/YdENQ9FNg==",
      "requires": {
        "@pnp/sp": "^2.8.0",
        "gl-w-array-frontend": "^1.0.2",
        "gl-w-attachment-frontend": "^1.0.2",
        "gl-w-combobox-frontend": "^1.0.1"
      }
    },
    "gl-w-array-frontend": {
      "version": "1.0.2",
      "resolved": "https://registry.npmjs.org/gl-w-array-frontend/-/gl-w-array-frontend-1.0.2.tgz",
      "integrity": "sha512-+rI+Z9h4z+Us4PhR8lRHkChtW38zpGHZz2FwhCAPPJKF32tHt7G6B5QN7BFSyxfM12VtkU6RdMIf0KC3AXy+qg=="
    },
    "gl-w-attachment-frontend": {
      "version": "1.0.2",
      "resolved": "https://registry.npmjs.org/gl-w-attachment-frontend/-/gl-w-attachment-frontend-1.0.2.tgz",
      "integrity": "sha512-gFwIb84fhdU9epz0Y4MzA6+rNCQyUJqltwvP2eqf6xI5d0LZK7yHDjowp0A8xroh5F7XkP3NgIYWsE06AdAkiw=="
    },
    "gl-w-combobox-frontend": {
      "version": "1.0.1",
      "resolved": "https://registry.npmjs.org/gl-w-combobox-frontend/-/gl-w-combobox-frontend-1.0.1.tgz",
      "integrity": "sha512-Gjg7ky4CP4/W/veJULudpd0WLNAjr+d9rP5hL5U14iaWGnkpYemps0NeZmvw5UbCvoPxoFTKd26T2hLYxAjIfg==",
      "requires": {
        "decimal.js": "^10.3.1",
        "moment": "^2.29.1"
      }
    },
    "moment": {
      "version": "2.29.1",
      "resolved": "https://registry.npmjs.org/moment/-/moment-2.29.1.tgz",
      "integrity": "sha512-kHmoybcPV8Sqy59DwNDY3Jefr64lK/by/da0ViFcuA4DH0vQg5Q6Ze5VimxkfQNSC+Mls/Kx53s7TjP1RhFEDQ=="
    },
    "tslib": {
      "version": "2.3.0",
      "resolved": "https://registry.npmjs.org/tslib/-/tslib-2.3.0.tgz",
      "integrity": "sha512-N82ooyxVNm6h1riLCoyS9e3fuJ3AMG2zIZs2Gd1ATcSFjSA23Q0fzjjZeh0jbJvWVDZ0cJT8yaNNaaXHzueNjg=="
    }
  }
}
