{
  "name": "gl-ng-logos-frontend",
  "version": "4.0.6",
  "lockfileVersion": 1,
  "requires": true,
  "dependencies": {
    "gl-scss-styles": {
      "version": "3.1.1",
      "resolved": "https://registry.npmjs.org/gl-scss-styles/-/gl-scss-styles-3.1.1.tgz",
      "integrity": "sha512-4lGUkqCwOnbMMfVNDhvw89up99WhXsHpBbK+RdGpFKkNEPhggnfQLn+u7ql2+DnOGWdkeCA6jnuOCMssNEpAPw=="
    }
  }
}
