{
  "name": "gl-ng-paging-frontend",
  "version": "8.0.0",
  "lockfileVersion": 2,
  "requires": true,
  "packages": {
    "": {
      "name": "gl-ng-paging-frontend",
      "version": "8.0.0",
      "license": "MIT",
      "devDependencies": {
        "@angular/common": "~16.2.12",
        "@angular/core": "~16.2.12",
        "decimal.js": "^10.4.3",
        "gl-scss-styles": "^3.1.1",
        "gl-w-attachment-frontend": "^5.0.1",
        "gl-w-date-frontend": "^5.0.1",
        "gl-w-image-frontend": "^5.0.1",
        "gl-w-input-frontend": "^5.0.1",
        "gl-w-number-frontend": "^5.0.1"
      },
      "peerDependencies": {
        "@angular/common": "~16.2.12",
        "@angular/core": "~16.2.12",
        "decimal.js": "^10.4.3",
        "gl-scss-styles": "^3.1.1",
        "gl-w-attachment-frontend": "^5.0.1",
        "gl-w-date-frontend": "^5.0.1",
        "gl-w-image-frontend": "^5.0.1",
        "gl-w-input-frontend": "^5.0.1",
        "gl-w-number-frontend": "^5.0.1"
      }
    },
    "../../../..": {
      "extraneous": true
    },
    "node_modules/@angular/common": {
      "version": "16.2.12",
      "resolved": "https://registry.npmjs.org/@angular/common/-/common-16.2.12.tgz",
      "integrity": "sha512-B+WY/cT2VgEaz9HfJitBmgdk4I333XG/ybC98CMC4Wz8E49T8yzivmmxXB3OD6qvjcOB6ftuicl6WBqLbZNg2w==",
      "dev": true,
      "dependencies": {
        "tslib": "^2.3.0"
      },
      "engines": {
        "node": "^16.14.0 || >=18.10.0"
      },
      "peerDependencies": {
        "@angular/core": "16.2.12",
        "rxjs": "^6.5.3 || ^7.4.0"
      }
    },
    "node_modules/@angular/core": {
      "version": "16.2.12",
      "resolved": "https://registry.npmjs.org/@angular/core/-/core-16.2.12.tgz",
      "integrity": "sha512-GLLlDeke/NjroaLYOks0uyzFVo6HyLl7VOm0K1QpLXnYvW63W9Ql/T3yguRZa7tRkOAeFZ3jw+1wnBD4O8MoUA==",
      "dev": true,
      "dependencies": {
        "tslib": "^2.3.0"
      },
      "engines": {
        "node": "^16.14.0 || >=18.10.0"
      },
      "peerDependencies": {
        "rxjs": "^6.5.3 || ^7.4.0",
        "zone.js": "~0.13.0"
      }
    },
    "node_modules/decimal.js": {
      "version": "10.4.3",
      "resolved": "https://registry.npmjs.org/decimal.js/-/decimal.js-10.4.3.tgz",
      "integrity": "sha512-VBBaLc1MgL5XpzgIP7ny5Z6Nx3UrRkIViUkPUdtl9aya5amy3De1gsUUSB1g3+3sExYNjCAsAznmukyxCb1GRA==",
      "dev": true
    },
    "node_modules/gl-scss-styles": {
      "version": "3.1.1",
      "resolved": "https://registry.npmjs.org/gl-scss-styles/-/gl-scss-styles-3.1.1.tgz",
      "integrity": "sha512-4lGUkqCwOnbMMfVNDhvw89up99WhXsHpBbK+RdGpFKkNEPhggnfQLn+u7ql2+DnOGWdkeCA6jnuOCMssNEpAPw==",
      "dev": true
    },
    "node_modules/gl-w-attachment-frontend": {
      "version": "5.0.1",
      "resolved": "https://registry.npmjs.org/gl-w-attachment-frontend/-/gl-w-attachment-frontend-5.0.1.tgz",
      "integrity": "sha512-ksSB7A9DSQvdHlynFSOx/Jq3VZunmOUYrms2qo5dB7waEKj3aHgP94MB9PJmpzw5mE36vZ23ydBRkJU3/pjIvw==",
      "dev": true,
      "peerDependencies": {
        "typescript": "^5.1.6"
      }
    },
    "node_modules/gl-w-date-frontend": {
      "version": "5.0.1",
      "resolved": "https://registry.npmjs.org/gl-w-date-frontend/-/gl-w-date-frontend-5.0.1.tgz",
      "integrity": "sha512-A9mxlOODM1vWGRYZWFpY+fUsSZOnx4mc5i28xblOf9wof5WpMyxViUhypy4rXsS8YQ681H/PPTt9pKaniM6Jiw==",
      "dev": true,
      "peerDependencies": {
        "moment": "^2.30.1",
        "moment-range": "^4.0.2",
        "typescript": "^5.1.6"
      }
    },
    "node_modules/gl-w-image-frontend": {
      "version": "5.0.1",
      "resolved": "https://registry.npmjs.org/gl-w-image-frontend/-/gl-w-image-frontend-5.0.1.tgz",
      "integrity": "sha512-UdprjC+MZGR42JKG0YOPmJZDKUfnBSHDntQjHhrZvSvyOSrf+1OBjr1A+qDLKL7Ane6RIsTFOC4RuSpJZV9VPw==",
      "dev": true,
      "peerDependencies": {
        "typescript": "^5.1.6"
      }
    },
    "node_modules/gl-w-input-frontend": {
      "version": "5.0.1",
      "resolved": "https://registry.npmjs.org/gl-w-input-frontend/-/gl-w-input-frontend-5.0.1.tgz",
      "integrity": "sha512-F3pXVHDgSMopJHIoDrWzeyFIMH1mZwtW8wR2RRqtHxPORY+7NZgJJm9s+ldaoma3CQZPoiLOf2qDwSr4DOn88g==",
      "dev": true,
      "peerDependencies": {
        "decimal.js": "^10.4.3",
        "inputmask": "^5.0.8",
        "typescript": "^5.1.6"
      }
    },
    "node_modules/gl-w-number-frontend": {
      "version": "5.0.1",
      "resolved": "https://registry.npmjs.org/gl-w-number-frontend/-/gl-w-number-frontend-5.0.1.tgz",
      "integrity": "sha512-hpwPc45ppREhALjCgqRDplBplILmUMEYLNmcUUZ6plfEMUWFkhChkIK4mZFaLy26Hqay7k3uqowBRk94yVP/Tg==",
      "dev": true,
      "peerDependencies": {
        "decimal.js": "^10.4.3",
        "typescript": "^5.1.6"
      }
    },
    "node_modules/tslib": {
      "version": "2.6.2",
      "resolved": "https://registry.npmjs.org/tslib/-/tslib-2.6.2.tgz",
      "integrity": "sha512-AEYxH93jGFPn/a2iVAwW87VuUIkR1FVUKB77NwMF7nBTDkDrrT/Hpt/IrCJ0QXhW27jTBDcf5ZY7w6RiqTMw2Q==",
      "dev": true
    }
  },
  "dependencies": {
    "@angular/common": {
      "version": "16.2.12",
      "resolved": "https://registry.npmjs.org/@angular/common/-/common-16.2.12.tgz",
      "integrity": "sha512-B+WY/cT2VgEaz9HfJitBmgdk4I333XG/ybC98CMC4Wz8E49T8yzivmmxXB3OD6qvjcOB6ftuicl6WBqLbZNg2w==",
      "dev": true,
      "requires": {
        "tslib": "^2.3.0"
      }
    },
    "@angular/core": {
      "version": "16.2.12",
      "resolved": "https://registry.npmjs.org/@angular/core/-/core-16.2.12.tgz",
      "integrity": "sha512-GLLlDeke/NjroaLYOks0uyzFVo6HyLl7VOm0K1QpLXnYvW63W9Ql/T3yguRZa7tRkOAeFZ3jw+1wnBD4O8MoUA==",
      "dev": true,
      "requires": {
        "tslib": "^2.3.0"
      }
    },
    "decimal.js": {
      "version": "10.4.3",
      "resolved": "https://registry.npmjs.org/decimal.js/-/decimal.js-10.4.3.tgz",
      "integrity": "sha512-VBBaLc1MgL5XpzgIP7ny5Z6Nx3UrRkIViUkPUdtl9aya5amy3De1gsUUSB1g3+3sExYNjCAsAznmukyxCb1GRA==",
      "dev": true
    },
    "gl-scss-styles": {
      "version": "3.1.1",
      "resolved": "https://registry.npmjs.org/gl-scss-styles/-/gl-scss-styles-3.1.1.tgz",
      "integrity": "sha512-4lGUkqCwOnbMMfVNDhvw89up99WhXsHpBbK+RdGpFKkNEPhggnfQLn+u7ql2+DnOGWdkeCA6jnuOCMssNEpAPw==",
      "dev": true
    },
    "gl-w-attachment-frontend": {
      "version": "5.0.1",
      "resolved": "https://registry.npmjs.org/gl-w-attachment-frontend/-/gl-w-attachment-frontend-5.0.1.tgz",
      "integrity": "sha512-ksSB7A9DSQvdHlynFSOx/Jq3VZunmOUYrms2qo5dB7waEKj3aHgP94MB9PJmpzw5mE36vZ23ydBRkJU3/pjIvw==",
      "dev": true
    },
    "gl-w-date-frontend": {
      "version": "5.0.1",
      "resolved": "https://registry.npmjs.org/gl-w-date-frontend/-/gl-w-date-frontend-5.0.1.tgz",
      "integrity": "sha512-A9mxlOODM1vWGRYZWFpY+fUsSZOnx4mc5i28xblOf9wof5WpMyxViUhypy4rXsS8YQ681H/PPTt9pKaniM6Jiw==",
      "dev": true
    },
    "gl-w-image-frontend": {
      "version": "5.0.1",
      "resolved": "https://registry.npmjs.org/gl-w-image-frontend/-/gl-w-image-frontend-5.0.1.tgz",
      "integrity": "sha512-UdprjC+MZGR42JKG0YOPmJZDKUfnBSHDntQjHhrZvSvyOSrf+1OBjr1A+qDLKL7Ane6RIsTFOC4RuSpJZV9VPw==",
      "dev": true
    },
    "gl-w-input-frontend": {
      "version": "5.0.1",
      "resolved": "https://registry.npmjs.org/gl-w-input-frontend/-/gl-w-input-frontend-5.0.1.tgz",
      "integrity": "sha512-F3pXVHDgSMopJHIoDrWzeyFIMH1mZwtW8wR2RRqtHxPORY+7NZgJJm9s+ldaoma3CQZPoiLOf2qDwSr4DOn88g==",
      "dev": true
    },
    "gl-w-number-frontend": {
      "version": "5.0.1",
      "resolved": "https://registry.npmjs.org/gl-w-number-frontend/-/gl-w-number-frontend-5.0.1.tgz",
      "integrity": "sha512-hpwPc45ppREhALjCgqRDplBplILmUMEYLNmcUUZ6plfEMUWFkhChkIK4mZFaLy26Hqay7k3uqowBRk94yVP/Tg==",
      "dev": true
    },
    "tslib": {
      "version": "2.6.2",
      "resolved": "https://registry.npmjs.org/tslib/-/tslib-2.6.2.tgz",
      "integrity": "sha512-AEYxH93jGFPn/a2iVAwW87VuUIkR1FVUKB77NwMF7nBTDkDrrT/Hpt/IrCJ0QXhW27jTBDcf5ZY7w6RiqTMw2Q==",
      "dev": true
    }
  }
}
