{
  "name": "gl-ng-lists-frontend",
  "version": "5.0.0",
  "lockfileVersion": 2,
  "requires": true,
  "packages": {
    "": {
      "name": "gl-ng-lists-frontend",
      "version": "5.0.0",
      "license": "MIT",
      "dependencies": {
        "gl-icons-assets": "^1.5.1",
        "gl-scss-styles": "^3.1.1",
        "gl-w-attachment-frontend": "^2.0.0",
        "gl-w-number-frontend": "^2.0.0"
      },
      "peerDependencies": {
        "@angular/common": "~13.4.0",
        "@angular/core": "~13.4.0"
      }
    },
    "../../../..": {},
    "node_modules/@angular/common": {
      "version": "13.4.0",
      "resolved": "https://registry.npmjs.org/@angular/common/-/common-13.4.0.tgz",
      "integrity": "sha512-DHbPqRaxW7GmnkxqZaaasgC5OaFTeTBrmr7MJUsqsSGePHWuJYWU4QS3Fn86zd/VESJgBGmq2aCDEUmzfjnRQA==",
      "peer": true,
      "dependencies": {
        "tslib": "^2.3.0"
      },
      "engines": {
        "node": "^12.20.0 || ^14.15.0 || >=16.10.0"
      },
      "peerDependencies": {
        "@angular/core": "13.4.0",
        "rxjs": "^6.5.3 || ^7.4.0"
      }
    },
    "node_modules/@angular/core": {
      "version": "13.4.0",
      "resolved": "https://registry.npmjs.org/@angular/core/-/core-13.4.0.tgz",
      "integrity": "sha512-RE9KL7pRj+3lkJjdSR2uKmqiG0gqjnoVCMbSLG93pWrmzNIhElmlkiDaK39aMHGl836dc68Usv9CEisyVnRqHQ==",
      "peer": true,
      "dependencies": {
        "tslib": "^2.3.0"
      },
      "engines": {
        "node": "^12.20.0 || ^14.15.0 || >=16.10.0"
      },
      "peerDependencies": {
        "rxjs": "^6.5.3 || ^7.4.0",
        "zone.js": "~0.11.4"
      }
    },
    "node_modules/decimal.js": {
      "version": "10.4.3",
      "resolved": "https://registry.npmjs.org/decimal.js/-/decimal.js-10.4.3.tgz",
      "integrity": "sha512-VBBaLc1MgL5XpzgIP7ny5Z6Nx3UrRkIViUkPUdtl9aya5amy3De1gsUUSB1g3+3sExYNjCAsAznmukyxCb1GRA=="
    },
    "node_modules/gl-icons-assets": {
      "version": "1.5.1",
      "resolved": "https://registry.npmjs.org/gl-icons-assets/-/gl-icons-assets-1.5.1.tgz",
      "integrity": "sha512-Pvupdhrep0DC8VHJPViU22MfLucaL/gvnr/5sz9EPJazUAoe1IKAQfR4qNParbmWep+ADPwL+q4iIA/sNl3ZWg=="
    },
    "node_modules/gl-scss-styles": {
      "version": "3.1.1",
      "resolved": "https://registry.npmjs.org/gl-scss-styles/-/gl-scss-styles-3.1.1.tgz",
      "integrity": "sha512-4lGUkqCwOnbMMfVNDhvw89up99WhXsHpBbK+RdGpFKkNEPhggnfQLn+u7ql2+DnOGWdkeCA6jnuOCMssNEpAPw=="
    },
    "node_modules/gl-w-attachment-frontend": {
      "version": "2.0.0",
      "resolved": "https://registry.npmjs.org/gl-w-attachment-frontend/-/gl-w-attachment-frontend-2.0.0.tgz",
      "integrity": "sha512-RjV6slXgd2u9u7kwYsRgStj2agImsClhKPzCBgIhTti7ybbSsnE/Vf+Wcs4gLyHuzLFP3bNsG52lrDMLOF4WhQ==",
      "dependencies": {
        "gl-w-frontend": "file:../../../../../.."
      }
    },
    "node_modules/gl-w-frontend": {
      "resolved": "../../../..",
      "link": true
    },
    "node_modules/gl-w-number-frontend": {
      "version": "2.0.0",
      "resolved": "https://registry.npmjs.org/gl-w-number-frontend/-/gl-w-number-frontend-2.0.0.tgz",
      "integrity": "sha512-m7ONzJVrtxPDC8dOgvxuHMP6+0IiQeGLlDGjJHOaUNcd1J4TSudSgMVQOFTDQnRPKTBEt01BwFn2kzqCPZfD6Q==",
      "dependencies": {
        "decimal.js": "^10.4.3",
        "gl-w-frontend": "file:../../../../../.."
      }
    },
    "node_modules/rxjs": {
      "version": "7.8.1",
      "resolved": "https://registry.npmjs.org/rxjs/-/rxjs-7.8.1.tgz",
      "integrity": "sha512-AA3TVj+0A2iuIoQkWEK/tqFjBq2j+6PO6Y0zJcvzLAFhEFIO3HL0vls9hWLncZbAAbK0mar7oZ4V079I/qPMxg==",
      "peer": true,
      "dependencies": {
        "tslib": "^2.1.0"
      }
    },
    "node_modules/tslib": {
      "version": "2.6.2",
      "resolved": "https://registry.npmjs.org/tslib/-/tslib-2.6.2.tgz",
      "integrity": "sha512-AEYxH93jGFPn/a2iVAwW87VuUIkR1FVUKB77NwMF7nBTDkDrrT/Hpt/IrCJ0QXhW27jTBDcf5ZY7w6RiqTMw2Q==",
      "peer": true
    },
    "node_modules/zone.js": {
      "version": "0.11.8",
      "resolved": "https://registry.npmjs.org/zone.js/-/zone.js-0.11.8.tgz",
      "integrity": "sha512-82bctBg2hKcEJ21humWIkXRlLBBmrc3nN7DFh5LGGhcyycO2S7FN8NmdvlcKaGFDNVL4/9kFLmwmInTavdJERA==",
      "peer": true,
      "dependencies": {
        "tslib": "^2.3.0"
      }
    }
  },
  "dependencies": {
    "@angular/common": {
      "version": "13.4.0",
      "resolved": "https://registry.npmjs.org/@angular/common/-/common-13.4.0.tgz",
      "integrity": "sha512-DHbPqRaxW7GmnkxqZaaasgC5OaFTeTBrmr7MJUsqsSGePHWuJYWU4QS3Fn86zd/VESJgBGmq2aCDEUmzfjnRQA==",
      "peer": true,
      "requires": {
        "tslib": "^2.3.0"
      }
    },
    "@angular/core": {
      "version": "13.4.0",
      "resolved": "https://registry.npmjs.org/@angular/core/-/core-13.4.0.tgz",
      "integrity": "sha512-RE9KL7pRj+3lkJjdSR2uKmqiG0gqjnoVCMbSLG93pWrmzNIhElmlkiDaK39aMHGl836dc68Usv9CEisyVnRqHQ==",
      "peer": true,
      "requires": {
        "tslib": "^2.3.0"
      }
    },
    "decimal.js": {
      "version": "10.4.3",
      "resolved": "https://registry.npmjs.org/decimal.js/-/decimal.js-10.4.3.tgz",
      "integrity": "sha512-VBBaLc1MgL5XpzgIP7ny5Z6Nx3UrRkIViUkPUdtl9aya5amy3De1gsUUSB1g3+3sExYNjCAsAznmukyxCb1GRA=="
    },
    "gl-icons-assets": {
      "version": "1.5.1",
      "resolved": "https://registry.npmjs.org/gl-icons-assets/-/gl-icons-assets-1.5.1.tgz",
      "integrity": "sha512-Pvupdhrep0DC8VHJPViU22MfLucaL/gvnr/5sz9EPJazUAoe1IKAQfR4qNParbmWep+ADPwL+q4iIA/sNl3ZWg=="
    },
    "gl-scss-styles": {
      "version": "3.1.1",
      "resolved": "https://registry.npmjs.org/gl-scss-styles/-/gl-scss-styles-3.1.1.tgz",
      "integrity": "sha512-4lGUkqCwOnbMMfVNDhvw89up99WhXsHpBbK+RdGpFKkNEPhggnfQLn+u7ql2+DnOGWdkeCA6jnuOCMssNEpAPw=="
    },
    "gl-w-attachment-frontend": {
      "version": "2.0.0",
      "resolved": "https://registry.npmjs.org/gl-w-attachment-frontend/-/gl-w-attachment-frontend-2.0.0.tgz",
      "integrity": "sha512-RjV6slXgd2u9u7kwYsRgStj2agImsClhKPzCBgIhTti7ybbSsnE/Vf+Wcs4gLyHuzLFP3bNsG52lrDMLOF4WhQ==",
      "requires": {
        "gl-w-frontend": "file:../../../../../.."
      }
    },
    "gl-w-frontend": {
      "version": "file:../../../.."
    },
    "gl-w-number-frontend": {
      "version": "2.0.0",
      "resolved": "https://registry.npmjs.org/gl-w-number-frontend/-/gl-w-number-frontend-2.0.0.tgz",
      "integrity": "sha512-m7ONzJVrtxPDC8dOgvxuHMP6+0IiQeGLlDGjJHOaUNcd1J4TSudSgMVQOFTDQnRPKTBEt01BwFn2kzqCPZfD6Q==",
      "requires": {
        "decimal.js": "^10.4.3",
        "gl-w-frontend": "file:../../../../../.."
      }
    },
    "rxjs": {
      "version": "7.8.1",
      "resolved": "https://registry.npmjs.org/rxjs/-/rxjs-7.8.1.tgz",
      "integrity": "sha512-AA3TVj+0A2iuIoQkWEK/tqFjBq2j+6PO6Y0zJcvzLAFhEFIO3HL0vls9hWLncZbAAbK0mar7oZ4V079I/qPMxg==",
      "peer": true,
      "requires": {
        "tslib": "^2.1.0"
      }
    },
    "tslib": {
      "version": "2.6.2",
      "resolved": "https://registry.npmjs.org/tslib/-/tslib-2.6.2.tgz",
      "integrity": "sha512-AEYxH93jGFPn/a2iVAwW87VuUIkR1FVUKB77NwMF7nBTDkDrrT/Hpt/IrCJ0QXhW27jTBDcf5ZY7w6RiqTMw2Q==",
      "peer": true
    },
    "zone.js": {
      "version": "0.11.8",
      "resolved": "https://registry.npmjs.org/zone.js/-/zone.js-0.11.8.tgz",
      "integrity": "sha512-82bctBg2hKcEJ21humWIkXRlLBBmrc3nN7DFh5LGGhcyycO2S7FN8NmdvlcKaGFDNVL4/9kFLmwmInTavdJERA==",
      "peer": true,
      "requires": {
        "tslib": "^2.3.0"
      }
    }
  }
}
