{
  "name": "gl-ng-inputs-frontend",
  "version": "5.1.3",
  "lockfileVersion": 1,
  "requires": true,
  "dependencies": {
    "@angular/cdk": {
      "version": "12.2.13",
      "resolved": "https://registry.npmjs.org/@angular/cdk/-/cdk-12.2.13.tgz",
      "integrity": "sha512-zSKRhECyFqhingIeyRInIyTvYErt4gWo+x5DQr0b7YLUbU8DZSwWnG4w76Ke2s4U8T7ry1jpJBHoX/e8YBpGMg==",
      "requires": {
        "parse5": "^5.0.0",
        "tslib": "^2.2.0"
      }
    },
    "@angular/material": {
      "version": "12.2.13",
      "resolved": "https://registry.npmjs.org/@angular/material/-/material-12.2.13.tgz",
      "integrity": "sha512-6g2GyN4qp2D+DqY2AwrQuPB3cd9gybvQVXvNRbTPXEulHr+LgGei00ySdFHFp6RvdGSMZ4i3LM1Fq3VkFxhCfQ==",
      "requires": {
        "tslib": "^2.2.0"
      }
    },
    "@angular/material-moment-adapter": {
      "version": "12.2.13",
      "resolved": "https://registry.npmjs.org/@angular/material-moment-adapter/-/material-moment-adapter-12.2.13.tgz",
      "integrity": "sha512-0XhkAhBalvNvIfvi9t5qDKaTBtOuIqd1cABfotyaTecWmw57VoH0KoJtNekXjxDcx71S0LaqeYXfqTo4m+duSA==",
      "requires": {
        "tslib": "^2.2.0"
      }
    },
    "@pnp/common": {
      "version": "2.14.0",
      "resolved": "https://registry.npmjs.org/@pnp/common/-/common-2.14.0.tgz",
      "integrity": "sha512-GtiV/GfnDtQpoCCTr1GsGpLNI3QC6CRSDduSMbnqFO7uW0MCQXH2xh126/UceH4mwP3BVjNUhi7JZCMEa1lB2A==",
      "requires": {
        "tslib": "2.3.0"
      },
      "dependencies": {
        "tslib": {
          "version": "2.3.0",
          "resolved": "https://registry.npmjs.org/tslib/-/tslib-2.3.0.tgz",
          "integrity": "sha512-N82ooyxVNm6h1riLCoyS9e3fuJ3AMG2zIZs2Gd1ATcSFjSA23Q0fzjjZeh0jbJvWVDZ0cJT8yaNNaaXHzueNjg=="
        }
      }
    },
    "@pnp/logging": {
      "version": "2.14.0",
      "resolved": "https://registry.npmjs.org/@pnp/logging/-/logging-2.14.0.tgz",
      "integrity": "sha512-M/7PyG6zf962KI96ORtmnKp+a45x2Wcy5llsz0+i4FYoWRZuXA9UY5ahIO34sRSYB7FZw5tVwmxSlvQKVLWF3w==",
      "requires": {
        "tslib": "2.3.0"
      },
      "dependencies": {
        "tslib": {
          "version": "2.3.0",
          "resolved": "https://registry.npmjs.org/tslib/-/tslib-2.3.0.tgz",
          "integrity": "sha512-N82ooyxVNm6h1riLCoyS9e3fuJ3AMG2zIZs2Gd1ATcSFjSA23Q0fzjjZeh0jbJvWVDZ0cJT8yaNNaaXHzueNjg=="
        }
      }
    },
    "@pnp/odata": {
      "version": "2.14.0",
      "resolved": "https://registry.npmjs.org/@pnp/odata/-/odata-2.14.0.tgz",
      "integrity": "sha512-HuVOLJxXsjiVj/Qi0sDYL+v+Nty6SPquz4Qtb0PDNUdRnH63UKEmI8M19QQDohxmCJvueNL1gNj9iy9yHWnASQ==",
      "requires": {
        "@pnp/common": "2.14.0",
        "@pnp/logging": "2.14.0",
        "tslib": "2.3.0"
      },
      "dependencies": {
        "tslib": {
          "version": "2.3.0",
          "resolved": "https://registry.npmjs.org/tslib/-/tslib-2.3.0.tgz",
          "integrity": "sha512-N82ooyxVNm6h1riLCoyS9e3fuJ3AMG2zIZs2Gd1ATcSFjSA23Q0fzjjZeh0jbJvWVDZ0cJT8yaNNaaXHzueNjg=="
        }
      }
    },
    "@pnp/sp": {
      "version": "2.14.0",
      "resolved": "https://registry.npmjs.org/@pnp/sp/-/sp-2.14.0.tgz",
      "integrity": "sha512-DP1Hajw6gm2vFfNd5iStYTaSVt1aggGQ0rBpOU+5B9tfJb9WBVOlpwQ8jfvRZXNjc9TRGxFTnO1oH29E4MP2UA==",
      "requires": {
        "@pnp/common": "2.14.0",
        "@pnp/logging": "2.14.0",
        "@pnp/odata": "2.14.0",
        "tslib": "2.3.0"
      },
      "dependencies": {
        "tslib": {
          "version": "2.3.0",
          "resolved": "https://registry.npmjs.org/tslib/-/tslib-2.3.0.tgz",
          "integrity": "sha512-N82ooyxVNm6h1riLCoyS9e3fuJ3AMG2zIZs2Gd1ATcSFjSA23Q0fzjjZeh0jbJvWVDZ0cJT8yaNNaaXHzueNjg=="
        }
      }
    },
    "d": {
      "version": "1.0.1",
      "resolved": "https://registry.npmjs.org/d/-/d-1.0.1.tgz",
      "integrity": "sha512-m62ShEObQ39CfralilEQRjH6oAMtNCV1xJyEx5LpRYUVN+EviphDgUc/F3hnYbADmkiNs67Y+3ylmlG7Lnu+FA==",
      "requires": {
        "es5-ext": "^0.10.50",
        "type": "^1.0.1"
      }
    },
    "decimal.js": {
      "version": "10.4.2",
      "resolved": "https://registry.npmjs.org/decimal.js/-/decimal.js-10.4.2.tgz",
      "integrity": "sha512-ic1yEvwT6GuvaYwBLLY6/aFFgjZdySKTE8en/fkU3QICTmRtgtSlFn0u0BXN06InZwtfCelR7j8LRiDI/02iGA=="
    },
    "es5-ext": {
      "version": "0.10.53",
      "resolved": "https://registry.npmjs.org/es5-ext/-/es5-ext-0.10.53.tgz",
      "integrity": "sha512-Xs2Stw6NiNHWypzRTY1MtaG/uJlwCk8kH81920ma8mvN8Xq1gsfhZvpkImLQArw8AHnv8MT2I45J3c0R8slE+Q==",
      "requires": {
        "es6-iterator": "~2.0.3",
        "es6-symbol": "~3.1.3",
        "next-tick": "~1.0.0"
      }
    },
    "es6-iterator": {
      "version": "2.0.3",
      "resolved": "https://registry.npmjs.org/es6-iterator/-/es6-iterator-2.0.3.tgz",
      "integrity": "sha1-p96IkUGgWpSwhUQDstCg+/qY87c=",
      "requires": {
        "d": "1",
        "es5-ext": "^0.10.35",
        "es6-symbol": "^3.1.1"
      }
    },
    "es6-symbol": {
      "version": "3.1.3",
      "resolved": "https://registry.npmjs.org/es6-symbol/-/es6-symbol-3.1.3.tgz",
      "integrity": "sha512-NJ6Yn3FuDinBaBRWl/q5X/s4koRHBrgKAu+yGI6JCBeiu3qrcbJhwT2GeR/EXVfylRk8dpQVJoLEFhK+Mu31NA==",
      "requires": {
        "d": "^1.0.1",
        "ext": "^1.1.2"
      }
    },
    "ext": {
      "version": "1.5.0",
      "resolved": "https://registry.npmjs.org/ext/-/ext-1.5.0.tgz",
      "integrity": "sha512-+ONcYoWj/SoQwUofMr94aGu05Ou4FepKi7N7b+O8T4jVfyIsZQV1/xeS8jpaBzF0csAk0KLXoHCxU7cKYZjo1Q==",
      "requires": {
        "type": "^2.5.0"
      },
      "dependencies": {
        "type": {
          "version": "2.5.0",
          "resolved": "https://registry.npmjs.org/type/-/type-2.5.0.tgz",
          "integrity": "sha512-180WMDQaIMm3+7hGXWf12GtdniDEy7nYcyFMKJn/eZz/6tSLXrUN9V0wKSbMjej0I1WHWbpREDEKHtqPQa9NNw=="
        }
      }
    },
    "gl-icons-assets": {
      "version": "1.5.1",
      "resolved": "https://registry.npmjs.org/gl-icons-assets/-/gl-icons-assets-1.5.1.tgz",
      "integrity": "sha512-Pvupdhrep0DC8VHJPViU22MfLucaL/gvnr/5sz9EPJazUAoe1IKAQfR4qNParbmWep+ADPwL+q4iIA/sNl3ZWg=="
    },
    "gl-scss-styles": {
      "version": "3.1.1",
      "resolved": "https://registry.npmjs.org/gl-scss-styles/-/gl-scss-styles-3.1.1.tgz",
      "integrity": "sha512-4lGUkqCwOnbMMfVNDhvw89up99WhXsHpBbK+RdGpFKkNEPhggnfQLn+u7ql2+DnOGWdkeCA6jnuOCMssNEpAPw=="
    },
    "gl-sp-frontend": {
      "version": "2.4.6",
      "resolved": "https://registry.npmjs.org/gl-sp-frontend/-/gl-sp-frontend-2.4.6.tgz",
      "integrity": "sha512-EU92q+joemFPg+ONCqzI2SOfLsQ0dZqsg/3LrqEzY/JHMDzPw7jdWBbQBe9RgSChZ6T84UrEbz2Z/wyGSM+6Jw==",
      "requires": {
        "@pnp/sp": "^2.11.0",
        "gl-w-array-frontend": "^1.0.2",
        "gl-w-attachment-frontend": "^1.0.2",
        "gl-w-combobox-frontend": "^1.0.1"
      }
    },
    "gl-w-array-frontend": {
      "version": "1.0.2",
      "resolved": "https://registry.npmjs.org/gl-w-array-frontend/-/gl-w-array-frontend-1.0.2.tgz",
      "integrity": "sha512-+rI+Z9h4z+Us4PhR8lRHkChtW38zpGHZz2FwhCAPPJKF32tHt7G6B5QN7BFSyxfM12VtkU6RdMIf0KC3AXy+qg=="
    },
    "gl-w-attachment-frontend": {
      "version": "1.0.2",
      "resolved": "https://registry.npmjs.org/gl-w-attachment-frontend/-/gl-w-attachment-frontend-1.0.2.tgz",
      "integrity": "sha512-gFwIb84fhdU9epz0Y4MzA6+rNCQyUJqltwvP2eqf6xI5d0LZK7yHDjowp0A8xroh5F7XkP3NgIYWsE06AdAkiw=="
    },
    "gl-w-combobox-frontend": {
      "version": "1.0.1",
      "resolved": "https://registry.npmjs.org/gl-w-combobox-frontend/-/gl-w-combobox-frontend-1.0.1.tgz",
      "integrity": "sha512-Gjg7ky4CP4/W/veJULudpd0WLNAjr+d9rP5hL5U14iaWGnkpYemps0NeZmvw5UbCvoPxoFTKd26T2hLYxAjIfg==",
      "requires": {
        "decimal.js": "^10.3.1",
        "moment": "^2.29.1"
      }
    },
    "gl-w-date-frontend": {
      "version": "1.0.1",
      "resolved": "https://registry.npmjs.org/gl-w-date-frontend/-/gl-w-date-frontend-1.0.1.tgz",
      "integrity": "sha512-f9KrDD46WNZKW68PftWOODG/ekxuJVsPaSWXQ7x0zbN7q4X0wz27vht5dD8wWaA7blFwiDwlFqLw9RkuZIHr/A==",
      "requires": {
        "moment": "^2.29.1",
        "moment-range": "^4.0.2"
      }
    },
    "gl-w-image-frontend": {
      "version": "1.0.0",
      "resolved": "https://registry.npmjs.org/gl-w-image-frontend/-/gl-w-image-frontend-1.0.0.tgz",
      "integrity": "sha512-AR2Wh+3+ZRMLE+XRhhGvbuSnPuLE/wcjftxdQZD24/36HA++RkUyFoPv3KeVH1oOmQRKR6vdZ7q12X0DDHKm/w=="
    },
    "gl-w-input-frontend": {
      "version": "1.0.5",
      "resolved": "https://registry.npmjs.org/gl-w-input-frontend/-/gl-w-input-frontend-1.0.5.tgz",
      "integrity": "sha512-vOzTz6BvNQytF80kJfsbzvUzTBtQpzKfw2mGadOUVRli+iX9qljoXnfqWNHngQpFBRNt5hXnOPoEp5hMyNpaOg==",
      "requires": {
        "decimal.js": "^10.3.1",
        "inputmask": "^5.0.6"
      }
    },
    "gl-w-number-frontend": {
      "version": "1.0.1",
      "resolved": "https://registry.npmjs.org/gl-w-number-frontend/-/gl-w-number-frontend-1.0.1.tgz",
      "integrity": "sha512-Gggn3Ooe3SvNYSw+mKvqnS8wTU7Ekc5wjc9rMVJ634TeieIEJ70/eQ6DD50YXvfvIymsbJfhm8dylAJS1ABvmQ==",
      "requires": {
        "decimal.js": "^10.3.1"
      }
    },
    "inputmask": {
      "version": "5.0.6",
      "resolved": "https://registry.npmjs.org/inputmask/-/inputmask-5.0.6.tgz",
      "integrity": "sha512-/QjZuOEB7fJKMEu3xKL3LlycctMmK53Zr/fGSFtcjrfYxXks93iptutYowWNR1oUsHr2QIzy6V3MMYz07P2Cfw=="
    },
    "moment": {
      "version": "2.29.1",
      "resolved": "https://registry.npmjs.org/moment/-/moment-2.29.1.tgz",
      "integrity": "sha512-kHmoybcPV8Sqy59DwNDY3Jefr64lK/by/da0ViFcuA4DH0vQg5Q6Ze5VimxkfQNSC+Mls/Kx53s7TjP1RhFEDQ=="
    },
    "moment-range": {
      "version": "4.0.2",
      "resolved": "https://registry.npmjs.org/moment-range/-/moment-range-4.0.2.tgz",
      "integrity": "sha512-n8sceWwSTjmz++nFHzeNEUsYtDqjgXgcOBzsHi+BoXQU2FW+eU92LUaK8gqOiSu5PG57Q9sYj1Fz4LRDj4FtKA==",
      "requires": {
        "es6-symbol": "^3.1.0"
      }
    },
    "next-tick": {
      "version": "1.0.0",
      "resolved": "https://registry.npmjs.org/next-tick/-/next-tick-1.0.0.tgz",
      "integrity": "sha1-yobR/ogoFpsBICCOPchCS524NCw="
    },
    "parse5": {
      "version": "5.1.1",
      "resolved": "https://registry.npmjs.org/parse5/-/parse5-5.1.1.tgz",
      "integrity": "sha512-ugq4DFI0Ptb+WWjAdOK16+u/nHfiIrcE+sh8kZMaM0WllQKLI9rOUq6c2b7cwPkXdzfQESqvoqK6ug7U/Yyzug==",
      "optional": true
    },
    "tslib": {
      "version": "2.4.1",
      "resolved": "https://registry.npmjs.org/tslib/-/tslib-2.4.1.tgz",
      "integrity": "sha512-tGyy4dAjRIEwI7BzsB0lynWgOpfqjUdq91XXAlIWD2OwKBH7oCl/GZG/HT4BOHrTlPMOASlMQ7veyTqpmRcrNA=="
    },
    "type": {
      "version": "1.2.0",
      "resolved": "https://registry.npmjs.org/type/-/type-1.2.0.tgz",
      "integrity": "sha512-+5nt5AAniqsCnu2cEQQdpzCAh33kVx8n0VoFidKpB1dVVLAN/F+bgVOqOJqOnEnrhp222clB5p3vUlD+1QAnfg=="
    }
  }
}
