{
  "name": "gl-ng-inputs-frontend",
  "version": "5.0.8",
  "lockfileVersion": 1,
  "requires": true,
  "dependencies": {
    "@angular/cdk": {
      "version": "12.2.6",
      "resolved": "https://registry.npmjs.org/@angular/cdk/-/cdk-12.2.6.tgz",
      "integrity": "sha512-93H08rrsxJfY3ZvHINkFmCR4C0R0vFog4+uZ6PuW1YAZGClGVfivzjvMRN5hwqbANLV5xWzgsipMc2x0gIzcpg==",
      "requires": {
        "parse5": "^5.0.0",
        "tslib": "^2.2.0"
      }
    },
    "@angular/material": {
      "version": "12.2.6",
      "resolved": "https://registry.npmjs.org/@angular/material/-/material-12.2.6.tgz",
      "integrity": "sha512-B31eyFrV+71spNnTzKtCiIZE0Kcw4a22jQqqOQzy7jEvlHcW6sq15raxUGemW+rGQ+mMeb2V+ZVf2+L7MycOyg==",
      "requires": {
        "tslib": "^2.2.0"
      }
    },
    "@angular/material-moment-adapter": {
      "version": "12.2.6",
      "resolved": "https://registry.npmjs.org/@angular/material-moment-adapter/-/material-moment-adapter-12.2.6.tgz",
      "integrity": "sha512-XMoxmjB19waC2mQdd7idQ9pf5VAXEpYeRnaI44tGUzq/kaZCKFDwWawMKocM/KoaA40g99o1bkZLwJhn/zVCIA==",
      "requires": {
        "tslib": "^2.2.0"
      }
    },
    "@pnp/common": {
      "version": "2.8.0",
      "resolved": "https://registry.npmjs.org/@pnp/common/-/common-2.8.0.tgz",
      "integrity": "sha512-X0qxTjUzA3RhPMSZX6R2KGd+a2YLzVywKzKt3VYWVOkmXxSq842atBPlNLcBKOVl9SWJ5a26ZHfZtzTe+lNQfg==",
      "requires": {
        "tslib": "2.3.0"
      },
      "dependencies": {
        "tslib": {
          "version": "2.3.0",
          "resolved": "https://registry.npmjs.org/tslib/-/tslib-2.3.0.tgz",
          "integrity": "sha512-N82ooyxVNm6h1riLCoyS9e3fuJ3AMG2zIZs2Gd1ATcSFjSA23Q0fzjjZeh0jbJvWVDZ0cJT8yaNNaaXHzueNjg=="
        }
      }
    },
    "@pnp/logging": {
      "version": "2.8.0",
      "resolved": "https://registry.npmjs.org/@pnp/logging/-/logging-2.8.0.tgz",
      "integrity": "sha512-kF0Wl2BdeOHVWeIATxp+Tnq161qo4UrH+21pmBkWjZcOHul5lTx+r0tXDoLozoJ8OCCTuYh/PPO3NzL59vmAVQ==",
      "requires": {
        "tslib": "2.3.0"
      },
      "dependencies": {
        "tslib": {
          "version": "2.3.0",
          "resolved": "https://registry.npmjs.org/tslib/-/tslib-2.3.0.tgz",
          "integrity": "sha512-N82ooyxVNm6h1riLCoyS9e3fuJ3AMG2zIZs2Gd1ATcSFjSA23Q0fzjjZeh0jbJvWVDZ0cJT8yaNNaaXHzueNjg=="
        }
      }
    },
    "@pnp/odata": {
      "version": "2.8.0",
      "resolved": "https://registry.npmjs.org/@pnp/odata/-/odata-2.8.0.tgz",
      "integrity": "sha512-yfInCGj52ScCATJVVu5qeL2Vx2vFwCbnU2GYs2TOKnldr0jNThh+p2JG2L1fjLUqpTj+mkxJN2H9LKwfAcOHRQ==",
      "requires": {
        "@pnp/common": "2.8.0",
        "@pnp/logging": "2.8.0",
        "tslib": "2.3.0"
      },
      "dependencies": {
        "tslib": {
          "version": "2.3.0",
          "resolved": "https://registry.npmjs.org/tslib/-/tslib-2.3.0.tgz",
          "integrity": "sha512-N82ooyxVNm6h1riLCoyS9e3fuJ3AMG2zIZs2Gd1ATcSFjSA23Q0fzjjZeh0jbJvWVDZ0cJT8yaNNaaXHzueNjg=="
        }
      }
    },
    "@pnp/sp": {
      "version": "2.8.0",
      "resolved": "https://registry.npmjs.org/@pnp/sp/-/sp-2.8.0.tgz",
      "integrity": "sha512-mqALznr8AYGD/eVZmWuiiNvzT3wxPCIKDOdLWGkbDQ7V/sX6zz0i/omNIJ6oVduSJFKg2byR/ivqUgCFOkGQ2g==",
      "requires": {
        "@pnp/common": "2.8.0",
        "@pnp/logging": "2.8.0",
        "@pnp/odata": "2.8.0",
        "tslib": "2.3.0"
      },
      "dependencies": {
        "tslib": {
          "version": "2.3.0",
          "resolved": "https://registry.npmjs.org/tslib/-/tslib-2.3.0.tgz",
          "integrity": "sha512-N82ooyxVNm6h1riLCoyS9e3fuJ3AMG2zIZs2Gd1ATcSFjSA23Q0fzjjZeh0jbJvWVDZ0cJT8yaNNaaXHzueNjg=="
        }
      }
    },
    "d": {
      "version": "1.0.1",
      "resolved": "https://registry.npmjs.org/d/-/d-1.0.1.tgz",
      "integrity": "sha512-m62ShEObQ39CfralilEQRjH6oAMtNCV1xJyEx5LpRYUVN+EviphDgUc/F3hnYbADmkiNs67Y+3ylmlG7Lnu+FA==",
      "requires": {
        "es5-ext": "^0.10.50",
        "type": "^1.0.1"
      }
    },
    "decimal.js": {
      "version": "10.3.1",
      "resolved": "https://registry.npmjs.org/decimal.js/-/decimal.js-10.3.1.tgz",
      "integrity": "sha512-V0pfhfr8suzyPGOx3nmq4aHqabehUZn6Ch9kyFpV79TGDTWFmHqUqXdabR7QHqxzrYolF4+tVmJhUG4OURg5dQ=="
    },
    "es5-ext": {
      "version": "0.10.53",
      "resolved": "https://registry.npmjs.org/es5-ext/-/es5-ext-0.10.53.tgz",
      "integrity": "sha512-Xs2Stw6NiNHWypzRTY1MtaG/uJlwCk8kH81920ma8mvN8Xq1gsfhZvpkImLQArw8AHnv8MT2I45J3c0R8slE+Q==",
      "requires": {
        "es6-iterator": "~2.0.3",
        "es6-symbol": "~3.1.3",
        "next-tick": "~1.0.0"
      }
    },
    "es6-iterator": {
      "version": "2.0.3",
      "resolved": "https://registry.npmjs.org/es6-iterator/-/es6-iterator-2.0.3.tgz",
      "integrity": "sha1-p96IkUGgWpSwhUQDstCg+/qY87c=",
      "requires": {
        "d": "1",
        "es5-ext": "^0.10.35",
        "es6-symbol": "^3.1.1"
      }
    },
    "es6-symbol": {
      "version": "3.1.3",
      "resolved": "https://registry.npmjs.org/es6-symbol/-/es6-symbol-3.1.3.tgz",
      "integrity": "sha512-NJ6Yn3FuDinBaBRWl/q5X/s4koRHBrgKAu+yGI6JCBeiu3qrcbJhwT2GeR/EXVfylRk8dpQVJoLEFhK+Mu31NA==",
      "requires": {
        "d": "^1.0.1",
        "ext": "^1.1.2"
      }
    },
    "ext": {
      "version": "1.5.0",
      "resolved": "https://registry.npmjs.org/ext/-/ext-1.5.0.tgz",
      "integrity": "sha512-+ONcYoWj/SoQwUofMr94aGu05Ou4FepKi7N7b+O8T4jVfyIsZQV1/xeS8jpaBzF0csAk0KLXoHCxU7cKYZjo1Q==",
      "requires": {
        "type": "^2.5.0"
      },
      "dependencies": {
        "type": {
          "version": "2.5.0",
          "resolved": "https://registry.npmjs.org/type/-/type-2.5.0.tgz",
          "integrity": "sha512-180WMDQaIMm3+7hGXWf12GtdniDEy7nYcyFMKJn/eZz/6tSLXrUN9V0wKSbMjej0I1WHWbpREDEKHtqPQa9NNw=="
        }
      }
    },
    "gl-icons-assets": {
      "version": "1.5.0",
      "resolved": "https://registry.npmjs.org/gl-icons-assets/-/gl-icons-assets-1.5.0.tgz",
      "integrity": "sha512-YKX4i9dHqw5x4ixvqatJUHoIjyQsJJ6S65QIwZqfcut5YthfP4E7qW6tyEhywEeOvSTHdjemWg2/nE/rHBv/gw=="
    },
    "gl-scss-styles": {
      "version": "3.1.0",
      "resolved": "https://registry.npmjs.org/gl-scss-styles/-/gl-scss-styles-3.1.0.tgz",
      "integrity": "sha512-WNsKjYgMD7WZkrOxSH5siLwHMN55fwhXIiHQ8Yk8SadW8MUMe1EI2cr/YlozJYU7X4AsmEzyEBD8OJUpwLWqGg=="
    },
    "gl-sp-frontend": {
      "version": "2.4.5",
      "resolved": "https://registry.npmjs.org/gl-sp-frontend/-/gl-sp-frontend-2.4.5.tgz",
      "integrity": "sha512-oz5R4sAxlND2ZSpy/cdlpIWvixLbvf6sRLIie1qJXhFh6j9Fwfx8N1lLyWmmbiBMJoZ7RkZTggcx/YdENQ9FNg==",
      "requires": {
        "@pnp/sp": "^2.8.0",
        "gl-w-array-frontend": "^1.0.2",
        "gl-w-attachment-frontend": "^1.0.2",
        "gl-w-combobox-frontend": "^1.0.1"
      }
    },
    "gl-w-array-frontend": {
      "version": "1.0.2",
      "resolved": "https://registry.npmjs.org/gl-w-array-frontend/-/gl-w-array-frontend-1.0.2.tgz",
      "integrity": "sha512-+rI+Z9h4z+Us4PhR8lRHkChtW38zpGHZz2FwhCAPPJKF32tHt7G6B5QN7BFSyxfM12VtkU6RdMIf0KC3AXy+qg=="
    },
    "gl-w-attachment-frontend": {
      "version": "1.0.2",
      "resolved": "https://registry.npmjs.org/gl-w-attachment-frontend/-/gl-w-attachment-frontend-1.0.2.tgz",
      "integrity": "sha512-gFwIb84fhdU9epz0Y4MzA6+rNCQyUJqltwvP2eqf6xI5d0LZK7yHDjowp0A8xroh5F7XkP3NgIYWsE06AdAkiw=="
    },
    "gl-w-combobox-frontend": {
      "version": "1.0.1",
      "resolved": "https://registry.npmjs.org/gl-w-combobox-frontend/-/gl-w-combobox-frontend-1.0.1.tgz",
      "integrity": "sha512-Gjg7ky4CP4/W/veJULudpd0WLNAjr+d9rP5hL5U14iaWGnkpYemps0NeZmvw5UbCvoPxoFTKd26T2hLYxAjIfg==",
      "requires": {
        "decimal.js": "^10.3.1",
        "moment": "^2.29.1"
      }
    },
    "gl-w-date-frontend": {
      "version": "1.0.1",
      "resolved": "https://registry.npmjs.org/gl-w-date-frontend/-/gl-w-date-frontend-1.0.1.tgz",
      "integrity": "sha512-f9KrDD46WNZKW68PftWOODG/ekxuJVsPaSWXQ7x0zbN7q4X0wz27vht5dD8wWaA7blFwiDwlFqLw9RkuZIHr/A==",
      "requires": {
        "moment": "^2.29.1",
        "moment-range": "^4.0.2"
      }
    },
    "gl-w-image-frontend": {
      "version": "1.0.0",
      "resolved": "https://registry.npmjs.org/gl-w-image-frontend/-/gl-w-image-frontend-1.0.0.tgz",
      "integrity": "sha512-AR2Wh+3+ZRMLE+XRhhGvbuSnPuLE/wcjftxdQZD24/36HA++RkUyFoPv3KeVH1oOmQRKR6vdZ7q12X0DDHKm/w=="
    },
    "gl-w-input-frontend": {
      "version": "1.0.4",
      "resolved": "https://registry.npmjs.org/gl-w-input-frontend/-/gl-w-input-frontend-1.0.4.tgz",
      "integrity": "sha512-+ou99m2oyc6rIu2yiOFrjEntCQyUfKdBT6Hd+/ukZSqxD9K43YU7K3WxQWzlIFrYTYLjfx0+K4tltAwMjOfLug==",
      "requires": {
        "decimal.js": "^10.3.1",
        "inputmask": "^5.0.6"
      }
    },
    "gl-w-number-frontend": {
      "version": "1.0.1",
      "resolved": "https://registry.npmjs.org/gl-w-number-frontend/-/gl-w-number-frontend-1.0.1.tgz",
      "integrity": "sha512-Gggn3Ooe3SvNYSw+mKvqnS8wTU7Ekc5wjc9rMVJ634TeieIEJ70/eQ6DD50YXvfvIymsbJfhm8dylAJS1ABvmQ==",
      "requires": {
        "decimal.js": "^10.3.1"
      }
    },
    "inputmask": {
      "version": "5.0.6",
      "resolved": "https://registry.npmjs.org/inputmask/-/inputmask-5.0.6.tgz",
      "integrity": "sha512-/QjZuOEB7fJKMEu3xKL3LlycctMmK53Zr/fGSFtcjrfYxXks93iptutYowWNR1oUsHr2QIzy6V3MMYz07P2Cfw=="
    },
    "moment": {
      "version": "2.29.1",
      "resolved": "https://registry.npmjs.org/moment/-/moment-2.29.1.tgz",
      "integrity": "sha512-kHmoybcPV8Sqy59DwNDY3Jefr64lK/by/da0ViFcuA4DH0vQg5Q6Ze5VimxkfQNSC+Mls/Kx53s7TjP1RhFEDQ=="
    },
    "moment-range": {
      "version": "4.0.2",
      "resolved": "https://registry.npmjs.org/moment-range/-/moment-range-4.0.2.tgz",
      "integrity": "sha512-n8sceWwSTjmz++nFHzeNEUsYtDqjgXgcOBzsHi+BoXQU2FW+eU92LUaK8gqOiSu5PG57Q9sYj1Fz4LRDj4FtKA==",
      "requires": {
        "es6-symbol": "^3.1.0"
      }
    },
    "next-tick": {
      "version": "1.0.0",
      "resolved": "https://registry.npmjs.org/next-tick/-/next-tick-1.0.0.tgz",
      "integrity": "sha1-yobR/ogoFpsBICCOPchCS524NCw="
    },
    "parse5": {
      "version": "5.1.1",
      "resolved": "https://registry.npmjs.org/parse5/-/parse5-5.1.1.tgz",
      "integrity": "sha512-ugq4DFI0Ptb+WWjAdOK16+u/nHfiIrcE+sh8kZMaM0WllQKLI9rOUq6c2b7cwPkXdzfQESqvoqK6ug7U/Yyzug==",
      "optional": true
    },
    "tslib": {
      "version": "2.3.1",
      "resolved": "https://registry.npmjs.org/tslib/-/tslib-2.3.1.tgz",
      "integrity": "sha512-77EbyPPpMz+FRFRuAFlWMtmgUWGe9UOG2Z25NqCwiIjRhOf5iKGuzSe5P2w1laq+FkRy4p+PCuVkJSGkzTEKVw=="
    },
    "type": {
      "version": "1.2.0",
      "resolved": "https://registry.npmjs.org/type/-/type-1.2.0.tgz",
      "integrity": "sha512-+5nt5AAniqsCnu2cEQQdpzCAh33kVx8n0VoFidKpB1dVVLAN/F+bgVOqOJqOnEnrhp222clB5p3vUlD+1QAnfg=="
    }
  }
}
